// !$*UTF8*$!
{
	archiveVersion = 1;
	classes = {
	};
	objectVersion = 46;
	objects = {

/* Begin PBXBuildFile section */
		A50A1FBF169DE2AA003DB6A6 /* lunchbox.jpg in Resources */ = {isa = PBXBuildFile; fileRef = A50A1F93169DE2AA003DB6A6 /* lunchbox.jpg */; };
		A50A1FC0169DE2AA003DB6A6 /* fioresCafe.gif in Resources */ = {isa = PBXBuildFile; fileRef = A50A1F94169DE2AA003DB6A6 /* fioresCafe.gif */; };
		A50A1FC1169DE2AA003DB6A6 /* hungryBear.jpg in Resources */ = {isa = PBXBuildFile; fileRef = A50A1F95169DE2AA003DB6A6 /* hungryBear.jpg */; };
		A50A1FC2169DE2AA003DB6A6 /* hungryHowies.jpg in Resources */ = {isa = PBXBuildFile; fileRef = A50A1F96169DE2AA003DB6A6 /* hungryHowies.jpg */; };
		A50A1FC3169DE2AA003DB6A6 /* bonefishGrill.png in Resources */ = {isa = PBXBuildFile; fileRef = A50A1F97169DE2AA003DB6A6 /* bonefishGrill.png */; };
		A50A1FC4169DE2AA003DB6A6 /* chuckECheese.jpg in Resources */ = {isa = PBXBuildFile; fileRef = A50A1F98169DE2AA003DB6A6 /* chuckECheese.jpg */; };
		A50A1FC5169DE2AA003DB6A6 /* bostonMarket.jpg in Resources */ = {isa = PBXBuildFile; fileRef = A50A1F99169DE2AA003DB6A6 /* bostonMarket.jpg */; };
		A50A1FC6169DE2AA003DB6A6 /* tresChic.jpeg in Resources */ = {isa = PBXBuildFile; fileRef = A50A1F9A169DE2AA003DB6A6 /* tresChic.jpeg */; };
		A50A1FC7169DE2AA003DB6A6 /* paneraBread.jpeg in Resources */ = {isa = PBXBuildFile; fileRef = A50A1F9B169DE2AA003DB6A6 /* paneraBread.jpeg */; };
		A50A1FC8169DE2AA003DB6A6 /* yamato.jpeg in Resources */ = {isa = PBXBuildFile; fileRef = A50A1F9C169DE2AA003DB6A6 /* yamato.jpeg */; };
		A50A1FC9169DE2AA003DB6A6 /* no1Chinese.jpeg in Resources */ = {isa = PBXBuildFile; fileRef = A50A1F9D169DE2AA003DB6A6 /* no1Chinese.jpeg */; };
		A50A1FCA169DE2AA003DB6A6 /* paddockMall.jpeg in Resources */ = {isa = PBXBuildFile; fileRef = A50A1F9E169DE2AA003DB6A6 /* paddockMall.jpeg */; };
		A50A1FCB169DE2AA003DB6A6 /* harrysSeafood.jpeg in Resources */ = {isa = PBXBuildFile; fileRef = A50A1F9F169DE2AA003DB6A6 /* harrysSeafood.jpeg */; };
		A50A1FCC169DE2AA003DB6A6 /* danZanos.jpeg in Resources */ = {isa = PBXBuildFile; fileRef = A50A1FA0169DE2AA003DB6A6 /* danZanos.jpeg */; };
		A50A1FCD169DE2AA003DB6A6 /* tacoBell.jpeg in Resources */ = {isa = PBXBuildFile; fileRef = A50A1FA1169DE2AA003DB6A6 /* tacoBell.jpeg */; };
		A50A1FCE169DE2AA003DB6A6 /* latinosYMas.jpeg in Resources */ = {isa = PBXBuildFile; fileRef = A50A1FA2169DE2AA003DB6A6 /* latinosYMas.jpeg */; };
		A50A1FCF169DE2AA003DB6A6 /* KFC.jpeg in Resources */ = {isa = PBXBuildFile; fileRef = A50A1FA3169DE2AA003DB6A6 /* KFC.jpeg */; };
		A50A1FD0169DE2AA003DB6A6 /* waffleHouse.jpeg in Resources */ = {isa = PBXBuildFile; fileRef = A50A1FA4169DE2AA003DB6A6 /* waffleHouse.jpeg */; };
		A50A1FD1169DE2AA003DB6A6 /* loritos.jpeg in Resources */ = {isa = PBXBuildFile; fileRef = A50A1FA5169DE2AA003DB6A6 /* loritos.jpeg */; };
		A50A1FD2169DE2AA003DB6A6 /* buffetCity.jpeg in Resources */ = {isa = PBXBuildFile; fileRef = A50A1FA6169DE2AA003DB6A6 /* buffetCity.jpeg */; };
		A50A1FD3169DE2AA003DB6A6 /* papaJohns.jpg in Resources */ = {isa = PBXBuildFile; fileRef = A50A1FA7169DE2AA003DB6A6 /* papaJohns.jpg */; };
		A50A1FD4169DE2AA003DB6A6 /* arbys.jpg in Resources */ = {isa = PBXBuildFile; fileRef = A50A1FA8169DE2AA003DB6A6 /* arbys.jpg */; };
		A50A1FD5169DE2AA003DB6A6 /* theMojoGrill.jpeg in Resources */ = {isa = PBXBuildFile; fileRef = A50A1FA9169DE2AA003DB6A6 /* theMojoGrill.jpeg */; };
		A50A1FD6169DE2AA003DB6A6 /* steakNShake.jpeg in Resources */ = {isa = PBXBuildFile; fileRef = A50A1FAA169DE2AA003DB6A6 /* steakNShake.jpeg */; };
		A50A1FD7169DE2AA003DB6A6 /* fiveGuys.jpeg in Resources */ = {isa = PBXBuildFile; fileRef = A50A1FAB169DE2AA003DB6A6 /* fiveGuys.jpeg */; };
		A50A1FD8169DE2AA003DB6A6 /* crackerBarrel.jpeg in Resources */ = {isa = PBXBuildFile; fileRef = A50A1FAC169DE2AA003DB6A6 /* crackerBarrel.jpeg */; };
		A50A1FD9169DE2AA003DB6A6 /* iHop.jpeg in Resources */ = {isa = PBXBuildFile; fileRef = A50A1FAD169DE2AA003DB6A6 /* iHop.jpeg */; };
		A50A1FDA169DE2AA003DB6A6 /* wendys.jpeg in Resources */ = {isa = PBXBuildFile; fileRef = A50A1FAE169DE2AA003DB6A6 /* wendys.jpeg */; };
		A50A1FDB169DE2AA003DB6A6 /* shuckles.jpeg in Resources */ = {isa = PBXBuildFile; fileRef = A50A1FAF169DE2AA003DB6A6 /* shuckles.jpeg */; };
		A50A1FDC169DE2AA003DB6A6 /* popeyes.jpeg in Resources */ = {isa = PBXBuildFile; fileRef = A50A1FB0169DE2AA003DB6A6 /* popeyes.jpeg */; };
		A50A1FDD169DE2AA003DB6A6 /* murphysOysterBar.jpeg in Resources */ = {isa = PBXBuildFile; fileRef = A50A1FB1169DE2AA003DB6A6 /* murphysOysterBar.jpeg */; };
		A50A1FDE169DE2AA003DB6A6 /* goldenCorral.jpeg in Resources */ = {isa = PBXBuildFile; fileRef = A50A1FB2169DE2AA003DB6A6 /* goldenCorral.jpeg */; };
		A50A1FDF169DE2AA003DB6A6 /* southsideDeli.jpeg in Resources */ = {isa = PBXBuildFile; fileRef = A50A1FB3169DE2AA003DB6A6 /* southsideDeli.jpeg */; };
		A50A1FE0169DE2AA003DB6A6 /* theMeltingPot.jpeg in Resources */ = {isa = PBXBuildFile; fileRef = A50A1FB4169DE2AA003DB6A6 /* theMeltingPot.jpeg */; };
		A50A1FE1169DE2AA003DB6A6 /* subway.jpeg in Resources */ = {isa = PBXBuildFile; fileRef = A50A1FB5169DE2AA003DB6A6 /* subway.jpeg */; };
		A50A1FE2169DE2AA003DB6A6 /* sushiBistro.jpeg in Resources */ = {isa = PBXBuildFile; fileRef = A50A1FB6169DE2AA003DB6A6 /* sushiBistro.jpeg */; };
		A50A1FE3169DE2AA003DB6A6 /* burgerKing.jpeg in Resources */ = {isa = PBXBuildFile; fileRef = A50A1FB7169DE2AA003DB6A6 /* burgerKing.jpeg */; };
		A50A1FE4169DE2AA003DB6A6 /* mcdonalds.jpeg in Resources */ = {isa = PBXBuildFile; fileRef = A50A1FB8169DE2AA003DB6A6 /* mcdonalds.jpeg */; };
		A50A1FE5169DE2AA003DB6A6 /* sonic.jpeg in Resources */ = {isa = PBXBuildFile; fileRef = A50A1FB9169DE2AA003DB6A6 /* sonic.jpeg */; };
		A50A1FE6169DE2AA003DB6A6 /* pizzaHut.jpeg in Resources */ = {isa = PBXBuildFile; fileRef = A50A1FBA169DE2AA003DB6A6 /* pizzaHut.jpeg */; };
		A50A1FE7169DE2AA003DB6A6 /* longJohnSilvers.jpeg in Resources */ = {isa = PBXBuildFile; fileRef = A50A1FBB169DE2AA003DB6A6 /* longJohnSilvers.jpeg */; };
		A50A1FE8169DE2AA003DB6A6 /* codys.jpg in Resources */ = {isa = PBXBuildFile; fileRef = A50A1FBC169DE2AA003DB6A6 /* codys.jpg */; };
		A50A1FE9169DE2AA003DB6A6 /* carrabbas.jpg in Resources */ = {isa = PBXBuildFile; fileRef = A50A1FBD169DE2AA003DB6A6 /* carrabbas.jpg */; };
		A50A1FEA169DE2AA003DB6A6 /* lees.jpg in Resources */ = {isa = PBXBuildFile; fileRef = A50A1FBE169DE2AA003DB6A6 /* lees.jpg */; };
		A50A1FEC169DE466003DB6A6 /* fireHouse.jpg in Resources */ = {isa = PBXBuildFile; fileRef = A50A1FEB169DE465003DB6A6 /* fireHouse.jpg */; };
		A50A1FF7169DE7AA003DB6A6 /* RandomRestaurauntListViewController.m in Sources */ = {isa = PBXBuildFile; fileRef = A50A1FF6169DE7AA003DB6A6 /* RandomRestaurauntListViewController.m */; };
		A50A1FF8169DEC40003DB6A6 /* JASidePanelController.m in Sources */ = {isa = PBXBuildFile; fileRef = A50A1F8F169DE297003DB6A6 /* JASidePanelController.m */; };
		A50A1FFA169DED55003DB6A6 /* QuartzCore.framework in Frameworks */ = {isa = PBXBuildFile; fileRef = A50A1FF9169DED55003DB6A6 /* QuartzCore.framework */; };
		A50A2025169E2DFB003DB6A6 /* navbar-btn-backward.png in Resources */ = {isa = PBXBuildFile; fileRef = A50A2024169E2DF9003DB6A6 /* navbar-btn-backward.png */; };
		A5AA4EC1169F1C360049B4DC /* restaurantList.plist in Resources */ = {isa = PBXBuildFile; fileRef = A5AA4EC0169F1C360049B4DC /* restaurantList.plist */; };
		CBD1DDC6169F29400032DEE6 /* CircularPickerView.m in Sources */ = {isa = PBXBuildFile; fileRef = CBD1DDC5169F29400032DEE6 /* CircularPickerView.m */; };
		CBD4F251169738E100C44D2F /* RestaurantListViewController.m in Sources */ = {isa = PBXBuildFile; fileRef = CBD4F250169738E100C44D2F /* RestaurantListViewController.m */; };
		CBD4F254169738FC00C44D2F /* RestaurantDetailViewController.m in Sources */ = {isa = PBXBuildFile; fileRef = CBD4F253169738FC00C44D2F /* RestaurantDetailViewController.m */; };
		CBD4F2581697392E00C44D2F /* BasicTableViewController.m in Sources */ = {isa = PBXBuildFile; fileRef = CBD4F2571697392E00C44D2F /* BasicTableViewController.m */; };
		CBD4F25C16973B9800C44D2F /* RestaurantListCell.m in Sources */ = {isa = PBXBuildFile; fileRef = CBD4F25B16973B9800C44D2F /* RestaurantListCell.m */; };
		CBE443AE16960FBB00F993A2 /* UIKit.framework in Frameworks */ = {isa = PBXBuildFile; fileRef = CBE443AD16960FBB00F993A2 /* UIKit.framework */; };
		CBE443B016960FBB00F993A2 /* Foundation.framework in Frameworks */ = {isa = PBXBuildFile; fileRef = CBE443AF16960FBB00F993A2 /* Foundation.framework */; };
		CBE443B216960FBB00F993A2 /* CoreGraphics.framework in Frameworks */ = {isa = PBXBuildFile; fileRef = CBE443B116960FBB00F993A2 /* CoreGraphics.framework */; };
		CBE443B816960FBB00F993A2 /* InfoPlist.strings in Resources */ = {isa = PBXBuildFile; fileRef = CBE443B616960FBB00F993A2 /* InfoPlist.strings */; };
		CBE443BA16960FBB00F993A2 /* main.m in Sources */ = {isa = PBXBuildFile; fileRef = CBE443B916960FBB00F993A2 /* main.m */; };
		CBE443BE16960FBB00F993A2 /* AppDelegate.m in Sources */ = {isa = PBXBuildFile; fileRef = CBE443BD16960FBB00F993A2 /* AppDelegate.m */; };
		CBE443C016960FBB00F993A2 /* Default.png in Resources */ = {isa = PBXBuildFile; fileRef = CBE443BF16960FBB00F993A2 /* Default.png */; };
		CBE443C216960FBB00F993A2 /* Default@2x.png in Resources */ = {isa = PBXBuildFile; fileRef = CBE443C116960FBB00F993A2 /* Default@2x.png */; };
		CBE443C416960FBB00F993A2 /* Default-568h@2x.png in Resources */ = {isa = PBXBuildFile; fileRef = CBE443C316960FBB00F993A2 /* Default-568h@2x.png */; };
		CBE443C716960FBB00F993A2 /* MainStoryboard.storyboard in Resources */ = {isa = PBXBuildFile; fileRef = CBE443C516960FBB00F993A2 /* MainStoryboard.storyboard */; };
		CBE443CA16960FBB00F993A2 /* ViewController.m in Sources */ = {isa = PBXBuildFile; fileRef = CBE443C916960FBB00F993A2 /* ViewController.m */; };
		CBE443D316961D6C00F993A2 /* 2Star.png in Resources */ = {isa = PBXBuildFile; fileRef = CBE443D116961D6C00F993A2 /* 2Star.png */; };
		CBE443D416961D6C00F993A2 /* 4Star.png in Resources */ = {isa = PBXBuildFile; fileRef = CBE443D216961D6C00F993A2 /* 4Star.png */; };
/* End PBXBuildFile section */

/* Begin PBXFileReference section */
		A50A1F8E169DE297003DB6A6 /* JASidePanelController.h */ = {isa = PBXFileReference; fileEncoding = 4; lastKnownFileType = sourcecode.c.h; path = JASidePanelController.h; sourceTree = "<group>"; };
		A50A1F8F169DE297003DB6A6 /* JASidePanelController.m */ = {isa = PBXFileReference; fileEncoding = 4; lastKnownFileType = sourcecode.c.objc; path = JASidePanelController.m; sourceTree = "<group>"; };
		A50A1F93169DE2AA003DB6A6 /* lunchbox.jpg */ = {isa = PBXFileReference; lastKnownFileType = image.jpeg; path = lunchbox.jpg; sourceTree = "<group>"; };
		A50A1F94169DE2AA003DB6A6 /* fioresCafe.gif */ = {isa = PBXFileReference; lastKnownFileType = image.gif; path = fioresCafe.gif; sourceTree = "<group>"; };
		A50A1F95169DE2AA003DB6A6 /* hungryBear.jpg */ = {isa = PBXFileReference; lastKnownFileType = image.jpeg; path = hungryBear.jpg; sourceTree = "<group>"; };
		A50A1F96169DE2AA003DB6A6 /* hungryHowies.jpg */ = {isa = PBXFileReference; lastKnownFileType = image.jpeg; path = hungryHowies.jpg; sourceTree = "<group>"; };
		A50A1F97169DE2AA003DB6A6 /* bonefishGrill.png */ = {isa = PBXFileReference; lastKnownFileType = image.png; path = bonefishGrill.png; sourceTree = "<group>"; };
		A50A1F98169DE2AA003DB6A6 /* chuckECheese.jpg */ = {isa = PBXFileReference; lastKnownFileType = image.jpeg; path = chuckECheese.jpg; sourceTree = "<group>"; };
		A50A1F99169DE2AA003DB6A6 /* bostonMarket.jpg */ = {isa = PBXFileReference; lastKnownFileType = image.jpeg; path = bostonMarket.jpg; sourceTree = "<group>"; };
		A50A1F9A169DE2AA003DB6A6 /* tresChic.jpeg */ = {isa = PBXFileReference; lastKnownFileType = image.jpeg; path = tresChic.jpeg; sourceTree = "<group>"; };
		A50A1F9B169DE2AA003DB6A6 /* paneraBread.jpeg */ = {isa = PBXFileReference; lastKnownFileType = image.jpeg; path = paneraBread.jpeg; sourceTree = "<group>"; };
		A50A1F9C169DE2AA003DB6A6 /* yamato.jpeg */ = {isa = PBXFileReference; lastKnownFileType = image.jpeg; path = yamato.jpeg; sourceTree = "<group>"; };
		A50A1F9D169DE2AA003DB6A6 /* no1Chinese.jpeg */ = {isa = PBXFileReference; lastKnownFileType = image.jpeg; path = no1Chinese.jpeg; sourceTree = "<group>"; };
		A50A1F9E169DE2AA003DB6A6 /* paddockMall.jpeg */ = {isa = PBXFileReference; lastKnownFileType = image.jpeg; path = paddockMall.jpeg; sourceTree = "<group>"; };
		A50A1F9F169DE2AA003DB6A6 /* harrysSeafood.jpeg */ = {isa = PBXFileReference; lastKnownFileType = image.jpeg; path = harrysSeafood.jpeg; sourceTree = "<group>"; };
		A50A1FA0169DE2AA003DB6A6 /* danZanos.jpeg */ = {isa = PBXFileReference; lastKnownFileType = image.jpeg; path = danZanos.jpeg; sourceTree = "<group>"; };
		A50A1FA1169DE2AA003DB6A6 /* tacoBell.jpeg */ = {isa = PBXFileReference; lastKnownFileType = image.jpeg; path = tacoBell.jpeg; sourceTree = "<group>"; };
		A50A1FA2169DE2AA003DB6A6 /* latinosYMas.jpeg */ = {isa = PBXFileReference; lastKnownFileType = image.jpeg; path = latinosYMas.jpeg; sourceTree = "<group>"; };
		A50A1FA3169DE2AA003DB6A6 /* KFC.jpeg */ = {isa = PBXFileReference; lastKnownFileType = image.jpeg; path = KFC.jpeg; sourceTree = "<group>"; };
		A50A1FA4169DE2AA003DB6A6 /* waffleHouse.jpeg */ = {isa = PBXFileReference; lastKnownFileType = image.jpeg; path = waffleHouse.jpeg; sourceTree = "<group>"; };
		A50A1FA5169DE2AA003DB6A6 /* loritos.jpeg */ = {isa = PBXFileReference; lastKnownFileType = image.jpeg; path = loritos.jpeg; sourceTree = "<group>"; };
		A50A1FA6169DE2AA003DB6A6 /* buffetCity.jpeg */ = {isa = PBXFileReference; lastKnownFileType = image.jpeg; path = buffetCity.jpeg; sourceTree = "<group>"; };
		A50A1FA7169DE2AA003DB6A6 /* papaJohns.jpg */ = {isa = PBXFileReference; lastKnownFileType = image.jpeg; path = papaJohns.jpg; sourceTree = "<group>"; };
		A50A1FA8169DE2AA003DB6A6 /* arbys.jpg */ = {isa = PBXFileReference; lastKnownFileType = image.jpeg; path = arbys.jpg; sourceTree = "<group>"; };
		A50A1FA9169DE2AA003DB6A6 /* theMojoGrill.jpeg */ = {isa = PBXFileReference; lastKnownFileType = image.jpeg; path = theMojoGrill.jpeg; sourceTree = "<group>"; };
		A50A1FAA169DE2AA003DB6A6 /* steakNShake.jpeg */ = {isa = PBXFileReference; lastKnownFileType = image.jpeg; path = steakNShake.jpeg; sourceTree = "<group>"; };
		A50A1FAB169DE2AA003DB6A6 /* fiveGuys.jpeg */ = {isa = PBXFileReference; lastKnownFileType = image.jpeg; path = fiveGuys.jpeg; sourceTree = "<group>"; };
		A50A1FAC169DE2AA003DB6A6 /* crackerBarrel.jpeg */ = {isa = PBXFileReference; lastKnownFileType = image.jpeg; path = crackerBarrel.jpeg; sourceTree = "<group>"; };
		A50A1FAD169DE2AA003DB6A6 /* iHop.jpeg */ = {isa = PBXFileReference; lastKnownFileType = image.jpeg; path = iHop.jpeg; sourceTree = "<group>"; };
		A50A1FAE169DE2AA003DB6A6 /* wendys.jpeg */ = {isa = PBXFileReference; lastKnownFileType = image.jpeg; path = wendys.jpeg; sourceTree = "<group>"; };
		A50A1FAF169DE2AA003DB6A6 /* shuckles.jpeg */ = {isa = PBXFileReference; lastKnownFileType = image.jpeg; path = shuckles.jpeg; sourceTree = "<group>"; };
		A50A1FB0169DE2AA003DB6A6 /* popeyes.jpeg */ = {isa = PBXFileReference; lastKnownFileType = image.jpeg; path = popeyes.jpeg; sourceTree = "<group>"; };
		A50A1FB1169DE2AA003DB6A6 /* murphysOysterBar.jpeg */ = {isa = PBXFileReference; lastKnownFileType = image.jpeg; path = murphysOysterBar.jpeg; sourceTree = "<group>"; };
		A50A1FB2169DE2AA003DB6A6 /* goldenCorral.jpeg */ = {isa = PBXFileReference; lastKnownFileType = image.jpeg; path = goldenCorral.jpeg; sourceTree = "<group>"; };
		A50A1FB3169DE2AA003DB6A6 /* southsideDeli.jpeg */ = {isa = PBXFileReference; lastKnownFileType = image.jpeg; path = southsideDeli.jpeg; sourceTree = "<group>"; };
		A50A1FB4169DE2AA003DB6A6 /* theMeltingPot.jpeg */ = {isa = PBXFileReference; lastKnownFileType = image.jpeg; path = theMeltingPot.jpeg; sourceTree = "<group>"; };
		A50A1FB5169DE2AA003DB6A6 /* subway.jpeg */ = {isa = PBXFileReference; lastKnownFileType = image.jpeg; path = subway.jpeg; sourceTree = "<group>"; };
		A50A1FB6169DE2AA003DB6A6 /* sushiBistro.jpeg */ = {isa = PBXFileReference; lastKnownFileType = image.jpeg; path = sushiBistro.jpeg; sourceTree = "<group>"; };
		A50A1FB7169DE2AA003DB6A6 /* burgerKing.jpeg */ = {isa = PBXFileReference; lastKnownFileType = image.jpeg; path = burgerKing.jpeg; sourceTree = "<group>"; };
		A50A1FB8169DE2AA003DB6A6 /* mcdonalds.jpeg */ = {isa = PBXFileReference; lastKnownFileType = image.jpeg; path = mcdonalds.jpeg; sourceTree = "<group>"; };
		A50A1FB9169DE2AA003DB6A6 /* sonic.jpeg */ = {isa = PBXFileReference; lastKnownFileType = image.jpeg; path = sonic.jpeg; sourceTree = "<group>"; };
		A50A1FBA169DE2AA003DB6A6 /* pizzaHut.jpeg */ = {isa = PBXFileReference; lastKnownFileType = image.jpeg; path = pizzaHut.jpeg; sourceTree = "<group>"; };
		A50A1FBB169DE2AA003DB6A6 /* longJohnSilvers.jpeg */ = {isa = PBXFileReference; lastKnownFileType = image.jpeg; path = longJohnSilvers.jpeg; sourceTree = "<group>"; };
		A50A1FBC169DE2AA003DB6A6 /* codys.jpg */ = {isa = PBXFileReference; lastKnownFileType = image.jpeg; path = codys.jpg; sourceTree = "<group>"; };
		A50A1FBD169DE2AA003DB6A6 /* carrabbas.jpg */ = {isa = PBXFileReference; lastKnownFileType = image.jpeg; path = carrabbas.jpg; sourceTree = "<group>"; };
		A50A1FBE169DE2AA003DB6A6 /* lees.jpg */ = {isa = PBXFileReference; lastKnownFileType = image.jpeg; path = lees.jpg; sourceTree = "<group>"; };
		A50A1FEB169DE465003DB6A6 /* fireHouse.jpg */ = {isa = PBXFileReference; lastKnownFileType = image.jpeg; path = fireHouse.jpg; sourceTree = "<group>"; };
		A50A1FF5169DE7AA003DB6A6 /* RandomRestaurauntListViewController.h */ = {isa = PBXFileReference; fileEncoding = 4; lastKnownFileType = sourcecode.c.h; path = RandomRestaurauntListViewController.h; sourceTree = "<group>"; };
		A50A1FF6169DE7AA003DB6A6 /* RandomRestaurauntListViewController.m */ = {isa = PBXFileReference; fileEncoding = 4; lastKnownFileType = sourcecode.c.objc; path = RandomRestaurauntListViewController.m; sourceTree = "<group>"; };
		A50A1FF9169DED55003DB6A6 /* QuartzCore.framework */ = {isa = PBXFileReference; lastKnownFileType = wrapper.framework; name = QuartzCore.framework; path = System/Library/Frameworks/QuartzCore.framework; sourceTree = SDKROOT; };
		A50A2024169E2DF9003DB6A6 /* navbar-btn-backward.png */ = {isa = PBXFileReference; lastKnownFileType = image.png; path = "navbar-btn-backward.png"; sourceTree = "<group>"; };
		A5AA4EC0169F1C360049B4DC /* restaurantList.plist */ = {isa = PBXFileReference; fileEncoding = 4; lastKnownFileType = text.plist.xml; path = restaurantList.plist; sourceTree = "<group>"; };
		CBD1DDC4169F29400032DEE6 /* CircularPickerView.h */ = {isa = PBXFileReference; fileEncoding = 4; lastKnownFileType = sourcecode.c.h; path = CircularPickerView.h; sourceTree = "<group>"; };
		CBD1DDC5169F29400032DEE6 /* CircularPickerView.m */ = {isa = PBXFileReference; fileEncoding = 4; lastKnownFileType = sourcecode.c.objc; path = CircularPickerView.m; sourceTree = "<group>"; };
		CBD4F24F169738E100C44D2F /* RestaurantListViewController.h */ = {isa = PBXFileReference; fileEncoding = 4; lastKnownFileType = sourcecode.c.h; path = RestaurantListViewController.h; sourceTree = "<group>"; };
		CBD4F250169738E100C44D2F /* RestaurantListViewController.m */ = {isa = PBXFileReference; fileEncoding = 4; lastKnownFileType = sourcecode.c.objc; path = RestaurantListViewController.m; sourceTree = "<group>"; };
		CBD4F252169738FC00C44D2F /* RestaurantDetailViewController.h */ = {isa = PBXFileReference; fileEncoding = 4; lastKnownFileType = sourcecode.c.h; path = RestaurantDetailViewController.h; sourceTree = "<group>"; };
		CBD4F253169738FC00C44D2F /* RestaurantDetailViewController.m */ = {isa = PBXFileReference; fileEncoding = 4; lastKnownFileType = sourcecode.c.objc; path = RestaurantDetailViewController.m; sourceTree = "<group>"; };
		CBD4F2561697392E00C44D2F /* BasicTableViewController.h */ = {isa = PBXFileReference; fileEncoding = 4; lastKnownFileType = sourcecode.c.h; path = BasicTableViewController.h; sourceTree = "<group>"; };
		CBD4F2571697392E00C44D2F /* BasicTableViewController.m */ = {isa = PBXFileReference; fileEncoding = 4; lastKnownFileType = sourcecode.c.objc; path = BasicTableViewController.m; sourceTree = "<group>"; };
		CBD4F25A16973B9800C44D2F /* RestaurantListCell.h */ = {isa = PBXFileReference; fileEncoding = 4; lastKnownFileType = sourcecode.c.h; path = RestaurantListCell.h; sourceTree = "<group>"; };
		CBD4F25B16973B9800C44D2F /* RestaurantListCell.m */ = {isa = PBXFileReference; fileEncoding = 4; lastKnownFileType = sourcecode.c.objc; path = RestaurantListCell.m; sourceTree = "<group>"; };
		CBE443A916960FBB00F993A2 /* DS Luch App.app */ = {isa = PBXFileReference; explicitFileType = wrapper.application; includeInIndex = 0; path = "DS Luch App.app"; sourceTree = BUILT_PRODUCTS_DIR; };
		CBE443AD16960FBB00F993A2 /* UIKit.framework */ = {isa = PBXFileReference; lastKnownFileType = wrapper.framework; name = UIKit.framework; path = System/Library/Frameworks/UIKit.framework; sourceTree = SDKROOT; };
		CBE443AF16960FBB00F993A2 /* Foundation.framework */ = {isa = PBXFileReference; lastKnownFileType = wrapper.framework; name = Foundation.framework; path = System/Library/Frameworks/Foundation.framework; sourceTree = SDKROOT; };
		CBE443B116960FBB00F993A2 /* CoreGraphics.framework */ = {isa = PBXFileReference; lastKnownFileType = wrapper.framework; name = CoreGraphics.framework; path = System/Library/Frameworks/CoreGraphics.framework; sourceTree = SDKROOT; };
		CBE443B516960FBB00F993A2 /* DS Luch App-Info.plist */ = {isa = PBXFileReference; lastKnownFileType = text.plist.xml; path = "DS Luch App-Info.plist"; sourceTree = "<group>"; };
		CBE443B716960FBB00F993A2 /* en */ = {isa = PBXFileReference; lastKnownFileType = text.plist.strings; name = en; path = en.lproj/InfoPlist.strings; sourceTree = "<group>"; };
		CBE443B916960FBB00F993A2 /* main.m */ = {isa = PBXFileReference; lastKnownFileType = sourcecode.c.objc; path = main.m; sourceTree = "<group>"; };
		CBE443BB16960FBB00F993A2 /* DS Luch App-Prefix.pch */ = {isa = PBXFileReference; lastKnownFileType = sourcecode.c.h; path = "DS Luch App-Prefix.pch"; sourceTree = "<group>"; };
		CBE443BC16960FBB00F993A2 /* AppDelegate.h */ = {isa = PBXFileReference; lastKnownFileType = sourcecode.c.h; path = AppDelegate.h; sourceTree = "<group>"; };
		CBE443BD16960FBB00F993A2 /* AppDelegate.m */ = {isa = PBXFileReference; lastKnownFileType = sourcecode.c.objc; path = AppDelegate.m; sourceTree = "<group>"; };
		CBE443BF16960FBB00F993A2 /* Default.png */ = {isa = PBXFileReference; lastKnownFileType = image.png; path = Default.png; sourceTree = "<group>"; };
		CBE443C116960FBB00F993A2 /* Default@2x.png */ = {isa = PBXFileReference; lastKnownFileType = image.png; path = "Default@2x.png"; sourceTree = "<group>"; };
		CBE443C316960FBB00F993A2 /* Default-568h@2x.png */ = {isa = PBXFileReference; lastKnownFileType = image.png; path = "Default-568h@2x.png"; sourceTree = "<group>"; };
		CBE443C616960FBB00F993A2 /* en */ = {isa = PBXFileReference; lastKnownFileType = file.storyboard; name = en; path = en.lproj/MainStoryboard.storyboard; sourceTree = "<group>"; };
		CBE443C816960FBB00F993A2 /* ViewController.h */ = {isa = PBXFileReference; lastKnownFileType = sourcecode.c.h; path = ViewController.h; sourceTree = "<group>"; };
		CBE443C916960FBB00F993A2 /* ViewController.m */ = {isa = PBXFileReference; lastKnownFileType = sourcecode.c.objc; path = ViewController.m; sourceTree = "<group>"; };
		CBE443D116961D6C00F993A2 /* 2Star.png */ = {isa = PBXFileReference; lastKnownFileType = image.png; path = 2Star.png; sourceTree = "<group>"; };
		CBE443D216961D6C00F993A2 /* 4Star.png */ = {isa = PBXFileReference; lastKnownFileType = image.png; path = 4Star.png; sourceTree = "<group>"; };
/* End PBXFileReference section */

/* Begin PBXFrameworksBuildPhase section */
		CBE443A616960FBB00F993A2 /* Frameworks */ = {
			isa = PBXFrameworksBuildPhase;
			buildActionMask = 2147483647;
			files = (
				A50A1FFA169DED55003DB6A6 /* QuartzCore.framework in Frameworks */,
				CBE443AE16960FBB00F993A2 /* UIKit.framework in Frameworks */,
				CBE443B016960FBB00F993A2 /* Foundation.framework in Frameworks */,
				CBE443B216960FBB00F993A2 /* CoreGraphics.framework in Frameworks */,
			);
			runOnlyForDeploymentPostprocessing = 0;
		};
/* End PBXFrameworksBuildPhase section */

/* Begin PBXGroup section */
		A50A1F8D169DE297003DB6A6 /* JASidePanel */ = {
			isa = PBXGroup;
			children = (
				A50A1F8E169DE297003DB6A6 /* JASidePanelController.h */,
				A50A1F8F169DE297003DB6A6 /* JASidePanelController.m */,
			);
			path = JASidePanel;
			sourceTree = "<group>";
		};
		A50A1F92169DE2AA003DB6A6 /* food */ = {
			isa = PBXGroup;
			children = (
				A50A1F93169DE2AA003DB6A6 /* lunchbox.jpg */,
				A50A1F94169DE2AA003DB6A6 /* fioresCafe.gif */,
				A50A1F95169DE2AA003DB6A6 /* hungryBear.jpg */,
				A50A1F96169DE2AA003DB6A6 /* hungryHowies.jpg */,
				A50A1F97169DE2AA003DB6A6 /* bonefishGrill.png */,
				A50A1F98169DE2AA003DB6A6 /* chuckECheese.jpg */,
				A50A1F99169DE2AA003DB6A6 /* bostonMarket.jpg */,
				A50A1F9A169DE2AA003DB6A6 /* tresChic.jpeg */,
				A50A1F9B169DE2AA003DB6A6 /* paneraBread.jpeg */,
				A50A1F9C169DE2AA003DB6A6 /* yamato.jpeg */,
				A50A1F9D169DE2AA003DB6A6 /* no1Chinese.jpeg */,
				A50A1F9E169DE2AA003DB6A6 /* paddockMall.jpeg */,
				A50A1F9F169DE2AA003DB6A6 /* harrysSeafood.jpeg */,
				A50A1FA0169DE2AA003DB6A6 /* danZanos.jpeg */,
				A50A1FA1169DE2AA003DB6A6 /* tacoBell.jpeg */,
				A50A1FA2169DE2AA003DB6A6 /* latinosYMas.jpeg */,
				A50A1FA3169DE2AA003DB6A6 /* KFC.jpeg */,
				A50A1FA4169DE2AA003DB6A6 /* waffleHouse.jpeg */,
				A50A1FA5169DE2AA003DB6A6 /* loritos.jpeg */,
				A50A1FA6169DE2AA003DB6A6 /* buffetCity.jpeg */,
				A50A1FA7169DE2AA003DB6A6 /* papaJohns.jpg */,
				A50A1FA8169DE2AA003DB6A6 /* arbys.jpg */,
				A50A1FA9169DE2AA003DB6A6 /* theMojoGrill.jpeg */,
				A50A1FAA169DE2AA003DB6A6 /* steakNShake.jpeg */,
				A50A1FAB169DE2AA003DB6A6 /* fiveGuys.jpeg */,
				A50A1FAC169DE2AA003DB6A6 /* crackerBarrel.jpeg */,
				A50A1FAD169DE2AA003DB6A6 /* iHop.jpeg */,
				A50A1FAE169DE2AA003DB6A6 /* wendys.jpeg */,
				A50A1FAF169DE2AA003DB6A6 /* shuckles.jpeg */,
				A50A1FB0169DE2AA003DB6A6 /* popeyes.jpeg */,
				A50A1FB1169DE2AA003DB6A6 /* murphysOysterBar.jpeg */,
				A50A1FB2169DE2AA003DB6A6 /* goldenCorral.jpeg */,
				A50A1FB3169DE2AA003DB6A6 /* southsideDeli.jpeg */,
				A50A1FB4169DE2AA003DB6A6 /* theMeltingPot.jpeg */,
				A50A1FB5169DE2AA003DB6A6 /* subway.jpeg */,
				A50A1FEB169DE465003DB6A6 /* fireHouse.jpg */,
				A50A1FB6169DE2AA003DB6A6 /* sushiBistro.jpeg */,
				A50A1FB7169DE2AA003DB6A6 /* burgerKing.jpeg */,
				A50A1FB8169DE2AA003DB6A6 /* mcdonalds.jpeg */,
				A50A1FB9169DE2AA003DB6A6 /* sonic.jpeg */,
				A50A1FBA169DE2AA003DB6A6 /* pizzaHut.jpeg */,
				A50A1FBB169DE2AA003DB6A6 /* longJohnSilvers.jpeg */,
				A50A1FBC169DE2AA003DB6A6 /* codys.jpg */,
				A50A1FBD169DE2AA003DB6A6 /* carrabbas.jpg */,
				A50A1FBE169DE2AA003DB6A6 /* lees.jpg */,
			);
			path = food;
			sourceTree = "<group>";
		};
		CBD1DDC3169F29400032DEE6 /* CircularPicker */ = {
			isa = PBXGroup;
			children = (
				CBD1DDC4169F29400032DEE6 /* CircularPickerView.h */,
				CBD1DDC5169F29400032DEE6 /* CircularPickerView.m */,
			);
			path = CircularPicker;
			sourceTree = "<group>";
		};
		CBD4F24D169738AC00C44D2F /* View Controllers */ = {
			isa = PBXGroup;
			children = (
				CBD1DDC3169F29400032DEE6 /* CircularPicker */,
				CBD4F24F169738E100C44D2F /* RestaurantListViewController.h */,
				CBD4F250169738E100C44D2F /* RestaurantListViewController.m */,
				CBD4F252169738FC00C44D2F /* RestaurantDetailViewController.h */,
				CBD4F253169738FC00C44D2F /* RestaurantDetailViewController.m */,
				A50A1FF5169DE7AA003DB6A6 /* RandomRestaurauntListViewController.h */,
				A50A1FF6169DE7AA003DB6A6 /* RandomRestaurauntListViewController.m */,
			);
			name = "View Controllers";
			sourceTree = "<group>";
		};
		CBD4F2551697390B00C44D2F /* Basic Classes */ = {
			isa = PBXGroup;
			children = (
				CBD4F2561697392E00C44D2F /* BasicTableViewController.h */,
				CBD4F2571697392E00C44D2F /* BasicTableViewController.m */,
			);
			name = "Basic Classes";
			sourceTree = "<group>";
		};
		CBD4F25916973B7B00C44D2F /* Cells */ = {
			isa = PBXGroup;
			children = (
				CBD4F25A16973B9800C44D2F /* RestaurantListCell.h */,
				CBD4F25B16973B9800C44D2F /* RestaurantListCell.m */,
			);
			name = Cells;
			sourceTree = "<group>";
		};
		CBE4439E16960FBB00F993A2 = {
			isa = PBXGroup;
			children = (
				CBE443B316960FBB00F993A2 /* DS Luch App */,
				CBE443AC16960FBB00F993A2 /* Frameworks */,
				CBE443AA16960FBB00F993A2 /* Products */,
			);
			sourceTree = "<group>";
		};
		CBE443AA16960FBB00F993A2 /* Products */ = {
			isa = PBXGroup;
			children = (
				CBE443A916960FBB00F993A2 /* DS Luch App.app */,
			);
			name = Products;
			sourceTree = "<group>";
		};
		CBE443AC16960FBB00F993A2 /* Frameworks */ = {
			isa = PBXGroup;
			children = (
				A50A1FF9169DED55003DB6A6 /* QuartzCore.framework */,
				CBE443AD16960FBB00F993A2 /* UIKit.framework */,
				CBE443AF16960FBB00F993A2 /* Foundation.framework */,
				CBE443B116960FBB00F993A2 /* CoreGraphics.framework */,
			);
			name = Frameworks;
			sourceTree = "<group>";
		};
		CBE443B316960FBB00F993A2 /* DS Luch App */ = {
			isa = PBXGroup;
			children = (
				CBD4F25916973B7B00C44D2F /* Cells */,
				CBD4F2551697390B00C44D2F /* Basic Classes */,
				CBD4F24D169738AC00C44D2F /* View Controllers */,
				CBE443D016961D5A00F993A2 /* Graphics */,
				CBE443BC16960FBB00F993A2 /* AppDelegate.h */,
				CBE443BD16960FBB00F993A2 /* AppDelegate.m */,
				A5AA4EC0169F1C360049B4DC /* restaurantList.plist */,
				CBE443C516960FBB00F993A2 /* MainStoryboard.storyboard */,
				CBE443C816960FBB00F993A2 /* ViewController.h */,
				CBE443C916960FBB00F993A2 /* ViewController.m */,
				CBE443B416960FBB00F993A2 /* Supporting Files */,
			);
			path = "DS Luch App";
			sourceTree = "<group>";
		};
		CBE443B416960FBB00F993A2 /* Supporting Files */ = {
			isa = PBXGroup;
			children = (
				A50A1F8D169DE297003DB6A6 /* JASidePanel */,
				CBE443B516960FBB00F993A2 /* DS Luch App-Info.plist */,
				CBE443B616960FBB00F993A2 /* InfoPlist.strings */,
				CBE443B916960FBB00F993A2 /* main.m */,
				CBE443BB16960FBB00F993A2 /* DS Luch App-Prefix.pch */,
				CBE443BF16960FBB00F993A2 /* Default.png */,
				CBE443C116960FBB00F993A2 /* Default@2x.png */,
				CBE443C316960FBB00F993A2 /* Default-568h@2x.png */,
			);
			name = "Supporting Files";
			sourceTree = "<group>";
		};
		CBE443D016961D5A00F993A2 /* Graphics */ = {
			isa = PBXGroup;
			children = (
				A50A2024169E2DF9003DB6A6 /* navbar-btn-backward.png */,
				A50A1F92169DE2AA003DB6A6 /* food */,
				CBE443D116961D6C00F993A2 /* 2Star.png */,
				CBE443D216961D6C00F993A2 /* 4Star.png */,
			);
			name = Graphics;
			sourceTree = "<group>";
		};
/* End PBXGroup section */

/* Begin PBXNativeTarget section */
		CBE443A816960FBB00F993A2 /* DS Luch App */ = {
			isa = PBXNativeTarget;
			buildConfigurationList = CBE443CD16960FBB00F993A2 /* Build configuration list for PBXNativeTarget "DS Luch App" */;
			buildPhases = (
				CBE443A516960FBB00F993A2 /* Sources */,
				CBE443A616960FBB00F993A2 /* Frameworks */,
				CBE443A716960FBB00F993A2 /* Resources */,
			);
			buildRules = (
			);
			dependencies = (
			);
			name = "DS Luch App";
			productName = "DS Luch App";
			productReference = CBE443A916960FBB00F993A2 /* DS Luch App.app */;
			productType = "com.apple.product-type.application";
		};
/* End PBXNativeTarget section */

/* Begin PBXProject section */
		CBE443A016960FBB00F993A2 /* Project object */ = {
			isa = PBXProject;
			attributes = {
				LastUpgradeCheck = 0450;
				ORGANIZATIONNAME = DSMediaLabs;
			};
			buildConfigurationList = CBE443A316960FBB00F993A2 /* Build configuration list for PBXProject "DS Luch App" */;
			compatibilityVersion = "Xcode 3.2";
			developmentRegion = English;
			hasScannedForEncodings = 0;
			knownRegions = (
				en,
			);
			mainGroup = CBE4439E16960FBB00F993A2;
			productRefGroup = CBE443AA16960FBB00F993A2 /* Products */;
			projectDirPath = "";
			projectRoot = "";
			targets = (
				CBE443A816960FBB00F993A2 /* DS Luch App */,
			);
		};
/* End PBXProject section */

/* Begin PBXResourcesBuildPhase section */
		CBE443A716960FBB00F993A2 /* Resources */ = {
			isa = PBXResourcesBuildPhase;
			buildActionMask = 2147483647;
			files = (
				CBE443B816960FBB00F993A2 /* InfoPlist.strings in Resources */,
				CBE443C016960FBB00F993A2 /* Default.png in Resources */,
				CBE443C216960FBB00F993A2 /* Default@2x.png in Resources */,
				CBE443C416960FBB00F993A2 /* Default-568h@2x.png in Resources */,
				CBE443C716960FBB00F993A2 /* MainStoryboard.storyboard in Resources */,
				CBE443D316961D6C00F993A2 /* 2Star.png in Resources */,
				CBE443D416961D6C00F993A2 /* 4Star.png in Resources */,
				A50A1FBF169DE2AA003DB6A6 /* lunchbox.jpg in Resources */,
				A50A1FC0169DE2AA003DB6A6 /* fioresCafe.gif in Resources */,
				A50A1FC1169DE2AA003DB6A6 /* hungryBear.jpg in Resources */,
				A50A1FC2169DE2AA003DB6A6 /* hungryHowies.jpg in Resources */,
				A50A1FC3169DE2AA003DB6A6 /* bonefishGrill.png in Resources */,
				A50A1FC4169DE2AA003DB6A6 /* chuckECheese.jpg in Resources */,
				A50A1FC5169DE2AA003DB6A6 /* bostonMarket.jpg in Resources */,
				A50A1FC6169DE2AA003DB6A6 /* tresChic.jpeg in Resources */,
				A50A1FC7169DE2AA003DB6A6 /* paneraBread.jpeg in Resources */,
				A50A1FC8169DE2AA003DB6A6 /* yamato.jpeg in Resources */,
				A50A1FC9169DE2AA003DB6A6 /* no1Chinese.jpeg in Resources */,
				A50A1FCA169DE2AA003DB6A6 /* paddockMall.jpeg in Resources */,
				A50A1FCB169DE2AA003DB6A6 /* harrysSeafood.jpeg in Resources */,
				A50A1FCC169DE2AA003DB6A6 /* danZanos.jpeg in Resources */,
				A50A1FCD169DE2AA003DB6A6 /* tacoBell.jpeg in Resources */,
				A50A1FCE169DE2AA003DB6A6 /* latinosYMas.jpeg in Resources */,
				A50A1FCF169DE2AA003DB6A6 /* KFC.jpeg in Resources */,
				A50A1FD0169DE2AA003DB6A6 /* waffleHouse.jpeg in Resources */,
				A50A1FD1169DE2AA003DB6A6 /* loritos.jpeg in Resources */,
				A50A1FD2169DE2AA003DB6A6 /* buffetCity.jpeg in Resources */,
				A50A1FD3169DE2AA003DB6A6 /* papaJohns.jpg in Resources */,
				A50A1FD4169DE2AA003DB6A6 /* arbys.jpg in Resources */,
				A50A1FD5169DE2AA003DB6A6 /* theMojoGrill.jpeg in Resources */,
				A50A1FD6169DE2AA003DB6A6 /* steakNShake.jpeg in Resources */,
				A50A1FD7169DE2AA003DB6A6 /* fiveGuys.jpeg in Resources */,
				A50A1FD8169DE2AA003DB6A6 /* crackerBarrel.jpeg in Resources */,
				A50A1FD9169DE2AA003DB6A6 /* iHop.jpeg in Resources */,
				A50A1FDA169DE2AA003DB6A6 /* wendys.jpeg in Resources */,
				A50A1FDB169DE2AA003DB6A6 /* shuckles.jpeg in Resources */,
				A50A1FDC169DE2AA003DB6A6 /* popeyes.jpeg in Resources */,
				A50A1FDD169DE2AA003DB6A6 /* murphysOysterBar.jpeg in Resources */,
				A50A1FDE169DE2AA003DB6A6 /* goldenCorral.jpeg in Resources */,
				A50A1FDF169DE2AA003DB6A6 /* southsideDeli.jpeg in Resources */,
				A50A1FE0169DE2AA003DB6A6 /* theMeltingPot.jpeg in Resources */,
				A50A1FE1169DE2AA003DB6A6 /* subway.jpeg in Resources */,
				A50A1FE2169DE2AA003DB6A6 /* sushiBistro.jpeg in Resources */,
				A50A1FE3169DE2AA003DB6A6 /* burgerKing.jpeg in Resources */,
				A50A1FE4169DE2AA003DB6A6 /* mcdonalds.jpeg in Resources */,
				A50A1FE5169DE2AA003DB6A6 /* sonic.jpeg in Resources */,
				A50A1FE6169DE2AA003DB6A6 /* pizzaHut.jpeg in Resources */,
				A50A1FE7169DE2AA003DB6A6 /* longJohnSilvers.jpeg in Resources */,
				A50A1FE8169DE2AA003DB6A6 /* codys.jpg in Resources */,
				A50A1FE9169DE2AA003DB6A6 /* carrabbas.jpg in Resources */,
				A50A1FEA169DE2AA003DB6A6 /* lees.jpg in Resources */,
				A50A1FEC169DE466003DB6A6 /* fireHouse.jpg in Resources */,
				A50A2025169E2DFB003DB6A6 /* navbar-btn-backward.png in Resources */,
				A5AA4EC1169F1C360049B4DC /* restaurantList.plist in Resources */,
			);
			runOnlyForDeploymentPostprocessing = 0;
		};
/* End PBXResourcesBuildPhase section */

/* Begin PBXSourcesBuildPhase section */
		CBE443A516960FBB00F993A2 /* Sources */ = {
			isa = PBXSourcesBuildPhase;
			buildActionMask = 2147483647;
			files = (
				CBE443BA16960FBB00F993A2 /* main.m in Sources */,
				CBE443BE16960FBB00F993A2 /* AppDelegate.m in Sources */,
				CBE443CA16960FBB00F993A2 /* ViewController.m in Sources */,
				CBD4F251169738E100C44D2F /* RestaurantListViewController.m in Sources */,
				CBD4F254169738FC00C44D2F /* RestaurantDetailViewController.m in Sources */,
				CBD4F2581697392E00C44D2F /* BasicTableViewController.m in Sources */,
				CBD4F25C16973B9800C44D2F /* RestaurantListCell.m in Sources */,
				A50A1FF7169DE7AA003DB6A6 /* RandomRestaurauntListViewController.m in Sources */,
				A50A1FF8169DEC40003DB6A6 /* JASidePanelController.m in Sources */,
				CBD1DDC6169F29400032DEE6 /* CircularPickerView.m in Sources */,
			);
			runOnlyForDeploymentPostprocessing = 0;
		};
/* End PBXSourcesBuildPhase section */

/* Begin PBXVariantGroup section */
		CBE443B616960FBB00F993A2 /* InfoPlist.strings */ = {
			isa = PBXVariantGroup;
			children = (
				CBE443B716960FBB00F993A2 /* en */,
			);
			name = InfoPlist.strings;
			sourceTree = "<group>";
		};
		CBE443C516960FBB00F993A2 /* MainStoryboard.storyboard */ = {
			isa = PBXVariantGroup;
			children = (
				CBE443C616960FBB00F993A2 /* en */,
			);
			name = MainStoryboard.storyboard;
			sourceTree = "<group>";
		};
/* End PBXVariantGroup section */

/* Begin XCBuildConfiguration section */
		CBE443CB16960FBB00F993A2 /* Debug */ = {
			isa = XCBuildConfiguration;
			buildSettings = {
				ALWAYS_SEARCH_USER_PATHS = NO;
				CLANG_CXX_LANGUAGE_STANDARD = "gnu++0x";
				CLANG_CXX_LIBRARY = "libc++";
				CLANG_ENABLE_OBJC_ARC = YES;
				CLANG_WARN_EMPTY_BODY = YES;
				CLANG_WARN__DUPLICATE_METHOD_MATCH = YES;
				"CODE_SIGN_IDENTITY[sdk=iphoneos*]" = "iPhone Developer";
				COPY_PHASE_STRIP = NO;
				GCC_C_LANGUAGE_STANDARD = gnu99;
				GCC_DYNAMIC_NO_PIC = NO;
				GCC_OPTIMIZATION_LEVEL = 0;
				GCC_PREPROCESSOR_DEFINITIONS = (
					"DEBUG=1",
					"$(inherited)",
				);
				GCC_SYMBOLS_PRIVATE_EXTERN = NO;
				GCC_WARN_ABOUT_RETURN_TYPE = YES;
				GCC_WARN_UNINITIALIZED_AUTOS = YES;
				GCC_WARN_UNUSED_VARIABLE = YES;
				IPHONEOS_DEPLOYMENT_TARGET = 6.0;
				SDKROOT = iphoneos;
			};
			name = Debug;
		};
		CBE443CC16960FBB00F993A2 /* Release */ = {
			isa = XCBuildConfiguration;
			buildSettings = {
				ALWAYS_SEARCH_USER_PATHS = NO;
				CLANG_CXX_LANGUAGE_STANDARD = "gnu++0x";
				CLANG_CXX_LIBRARY = "libc++";
				CLANG_ENABLE_OBJC_ARC = YES;
				CLANG_WARN_EMPTY_BODY = YES;
				CLANG_WARN__DUPLICATE_METHOD_MATCH = YES;
				"CODE_SIGN_IDENTITY[sdk=iphoneos*]" = "iPhone Developer";
				COPY_PHASE_STRIP = YES;
				GCC_C_LANGUAGE_STANDARD = gnu99;
				GCC_WARN_ABOUT_RETURN_TYPE = YES;
				GCC_WARN_UNINITIALIZED_AUTOS = YES;
				GCC_WARN_UNUSED_VARIABLE = YES;
				IPHONEOS_DEPLOYMENT_TARGET = 6.0;
				OTHER_CFLAGS = "-DNS_BLOCK_ASSERTIONS=1";
				SDKROOT = iphoneos;
				VALIDATE_PRODUCT = YES;
			};
			name = Release;
		};
		CBE443CE16960FBB00F993A2 /* Debug */ = {
			isa = XCBuildConfiguration;
			buildSettings = {
				GCC_PRECOMPILE_PREFIX_HEADER = YES;
				GCC_PREFIX_HEADER = "DS Luch App/DS Luch App-Prefix.pch";
				INFOPLIST_FILE = "DS Luch App/DS Luch App-Info.plist";
				PRODUCT_NAME = "$(TARGET_NAME)";
				WRAPPER_EXTENSION = app;
			};
			name = Debug;
		};
		CBE443CF16960FBB00F993A2 /* Release */ = {
			isa = XCBuildConfiguration;
			buildSettings = {
				GCC_PRECOMPILE_PREFIX_HEADER = YES;
				GCC_PREFIX_HEADER = "DS Luch App/DS Luch App-Prefix.pch";
				INFOPLIST_FILE = "DS Luch App/DS Luch App-Info.plist";
				PRODUCT_NAME = "$(TARGET_NAME)";
				WRAPPER_EXTENSION = app;
			};
			name = Release;
		};
/* End XCBuildConfiguration section */

/* Begin XCConfigurationList section */
		CBE443A316960FBB00F993A2 /* Build configuration list for PBXProject "DS Luch App" */ = {
			isa = XCConfigurationList;
			buildConfigurations = (
				CBE443CB16960FBB00F993A2 /* Debug */,
				CBE443CC16960FBB00F993A2 /* Release */,
			);
			defaultConfigurationIsVisible = 0;
			defaultConfigurationName = Release;
		};
		CBE443CD16960FBB00F993A2 /* Build configuration list for PBXNativeTarget "DS Luch App" */ = {
			isa = XCConfigurationList;
			buildConfigurations = (
				CBE443CE16960FBB00F993A2 /* Debug */,
				CBE443CF16960FBB00F993A2 /* Release */,
			);
			defaultConfigurationIsVisible = 0;
			defaultConfigurationName = Release;
		};
/* End XCConfigurationList section */
	};
	rootObject = CBE443A016960FBB00F993A2 /* Project object */;
}
