// !$*UTF8*$!
{
	archiveVersion = 1;
	classes = {
	};
	objectVersion = 46;
	objects = {

/* Begin PBXBuildFile section */
		A50A1FF7169DE7AA003DB6A6 /* RandomRestaurauntListViewController.m in Sources */ = {isa = PBXBuildFile; fileRef = A50A1FF6169DE7AA003DB6A6 /* RandomRestaurauntListViewController.m */; };
		A50A1FF8169DEC40003DB6A6 /* JASidePanelController.m in Sources */ = {isa = PBXBuildFile; fileRef = A50A1F8F169DE297003DB6A6 /* JASidePanelController.m */; };
		A50A1FFA169DED55003DB6A6 /* QuartzCore.framework in Frameworks */ = {isa = PBXBuildFile; fileRef = A50A1FF9169DED55003DB6A6 /* QuartzCore.framework */; };
		A52B61F116B19660006C882D /* SignUpViewController.m in Sources */ = {isa = PBXBuildFile; fileRef = A52B61F016B19660006C882D /* SignUpViewController.m */; };
		A52B620316B1A602006C882D /* EmailListCell.m in Sources */ = {isa = PBXBuildFile; fileRef = A52B620216B1A602006C882D /* EmailListCell.m */; };
		A52B620716B1A661006C882D /* EmailListAddCell.m in Sources */ = {isa = PBXBuildFile; fileRef = A52B620616B1A661006C882D /* EmailListAddCell.m */; };
		A52C4CEA16A8A63C0019B615 /* restaurantRatingList.plist in Resources */ = {isa = PBXBuildFile; fileRef = A52C4CE916A8A63C0019B615 /* restaurantRatingList.plist */; };
		A57C196D16AEE49300215DC4 /* RestaurantTagCell.m in Sources */ = {isa = PBXBuildFile; fileRef = A57C196C16AEE49300215DC4 /* RestaurantTagCell.m */; };
		A5953DEB16AF3526005677D9 /* imageNotAvailable.png in Resources */ = {isa = PBXBuildFile; fileRef = A5953DEA16AF3526005677D9 /* imageNotAvailable.png */; };
		A5AA4EC1169F1C360049B4DC /* restaurantList.plist in Resources */ = {isa = PBXBuildFile; fileRef = A5AA4EC0169F1C360049B4DC /* restaurantList.plist */; };
		A5BB8DD716B99C4E00615C39 /* AccountViewController.m in Sources */ = {isa = PBXBuildFile; fileRef = A5BB8DD616B99C4E00615C39 /* AccountViewController.m */; };
		A5E4A99316A74421001EA47E /* restaurantImageList.plist in Resources */ = {isa = PBXBuildFile; fileRef = A5E4A99216A74421001EA47E /* restaurantImageList.plist */; };
		A5E4A9C016A74FE6001EA47E /* arbys.jpg in Resources */ = {isa = PBXBuildFile; fileRef = A5E4A99616A74FE6001EA47E /* arbys.jpg */; };
		A5E4A9C116A74FE6001EA47E /* bonefishGrill.jpg in Resources */ = {isa = PBXBuildFile; fileRef = A5E4A99716A74FE6001EA47E /* bonefishGrill.jpg */; };
		A5E4A9C216A74FE6001EA47E /* bostonMarket.jpg in Resources */ = {isa = PBXBuildFile; fileRef = A5E4A99816A74FE6001EA47E /* bostonMarket.jpg */; };
		A5E4A9C316A74FE6001EA47E /* buffetCity.jpg in Resources */ = {isa = PBXBuildFile; fileRef = A5E4A99916A74FE6001EA47E /* buffetCity.jpg */; };
		A5E4A9C416A74FE6001EA47E /* burgerKing.jpg in Resources */ = {isa = PBXBuildFile; fileRef = A5E4A99A16A74FE6001EA47E /* burgerKing.jpg */; };
		A5E4A9C516A74FE6001EA47E /* carrabbas.jpg in Resources */ = {isa = PBXBuildFile; fileRef = A5E4A99B16A74FE6001EA47E /* carrabbas.jpg */; };
		A5E4A9C616A74FE6001EA47E /* chuckECheese.jpg in Resources */ = {isa = PBXBuildFile; fileRef = A5E4A99C16A74FE6001EA47E /* chuckECheese.jpg */; };
		A5E4A9C716A74FE6001EA47E /* codys.jpg in Resources */ = {isa = PBXBuildFile; fileRef = A5E4A99D16A74FE6001EA47E /* codys.jpg */; };
		A5E4A9C816A74FE6001EA47E /* crackerBarrel.jpg in Resources */ = {isa = PBXBuildFile; fileRef = A5E4A99E16A74FE6001EA47E /* crackerBarrel.jpg */; };
		A5E4A9C916A74FE6001EA47E /* danZanos.jpg in Resources */ = {isa = PBXBuildFile; fileRef = A5E4A99F16A74FE6001EA47E /* danZanos.jpg */; };
		A5E4A9CA16A74FE6001EA47E /* fiores.jpg in Resources */ = {isa = PBXBuildFile; fileRef = A5E4A9A016A74FE6001EA47E /* fiores.jpg */; };
		A5E4A9CB16A74FE6001EA47E /* fireHouse.jpg in Resources */ = {isa = PBXBuildFile; fileRef = A5E4A9A116A74FE6001EA47E /* fireHouse.jpg */; };
		A5E4A9CC16A74FE6001EA47E /* fiveGuys.jpg in Resources */ = {isa = PBXBuildFile; fileRef = A5E4A9A216A74FE6001EA47E /* fiveGuys.jpg */; };
		A5E4A9CD16A74FE6001EA47E /* harrysSeafood.jpg in Resources */ = {isa = PBXBuildFile; fileRef = A5E4A9A316A74FE6001EA47E /* harrysSeafood.jpg */; };
		A5E4A9CE16A74FE6001EA47E /* hungryBear.jpg in Resources */ = {isa = PBXBuildFile; fileRef = A5E4A9A416A74FE6001EA47E /* hungryBear.jpg */; };
		A5E4A9CF16A74FE6001EA47E /* hungryHowies.jpg in Resources */ = {isa = PBXBuildFile; fileRef = A5E4A9A516A74FE6001EA47E /* hungryHowies.jpg */; };
		A5E4A9D016A74FE6001EA47E /* iHop.jpg in Resources */ = {isa = PBXBuildFile; fileRef = A5E4A9A616A74FE6001EA47E /* iHop.jpg */; };
		A5E4A9D116A74FE6001EA47E /* KFC.jpg in Resources */ = {isa = PBXBuildFile; fileRef = A5E4A9A716A74FE6001EA47E /* KFC.jpg */; };
		A5E4A9D216A74FE6001EA47E /* latinosYMas.jpg in Resources */ = {isa = PBXBuildFile; fileRef = A5E4A9A816A74FE6001EA47E /* latinosYMas.jpg */; };
		A5E4A9D316A74FE6001EA47E /* lees.jpg in Resources */ = {isa = PBXBuildFile; fileRef = A5E4A9A916A74FE6001EA47E /* lees.jpg */; };
		A5E4A9D416A74FE6001EA47E /* longJohnsSilvers.jpg in Resources */ = {isa = PBXBuildFile; fileRef = A5E4A9AA16A74FE6001EA47E /* longJohnsSilvers.jpg */; };
		A5E4A9D516A74FE6001EA47E /* loritos.jpg in Resources */ = {isa = PBXBuildFile; fileRef = A5E4A9AB16A74FE6001EA47E /* loritos.jpg */; };
		A5E4A9D616A74FE6001EA47E /* lunchbox.jpg in Resources */ = {isa = PBXBuildFile; fileRef = A5E4A9AC16A74FE6001EA47E /* lunchbox.jpg */; };
		A5E4A9D716A74FE6001EA47E /* mcdonalds.jpg in Resources */ = {isa = PBXBuildFile; fileRef = A5E4A9AD16A74FE6001EA47E /* mcdonalds.jpg */; };
		A5E4A9D816A74FE6001EA47E /* murphysOysterBar.jpg in Resources */ = {isa = PBXBuildFile; fileRef = A5E4A9AE16A74FE6001EA47E /* murphysOysterBar.jpg */; };
		A5E4A9D916A74FE6001EA47E /* no1Chinese.jpg in Resources */ = {isa = PBXBuildFile; fileRef = A5E4A9AF16A74FE6001EA47E /* no1Chinese.jpg */; };
		A5E4A9DA16A74FE6001EA47E /* paddockMall.jpg in Resources */ = {isa = PBXBuildFile; fileRef = A5E4A9B016A74FE6001EA47E /* paddockMall.jpg */; };
		A5E4A9DB16A74FE6001EA47E /* paneraBread.jpg in Resources */ = {isa = PBXBuildFile; fileRef = A5E4A9B116A74FE6001EA47E /* paneraBread.jpg */; };
		A5E4A9DC16A74FE6001EA47E /* papaJohns.jpg in Resources */ = {isa = PBXBuildFile; fileRef = A5E4A9B216A74FE6001EA47E /* papaJohns.jpg */; };
		A5E4A9DD16A74FE6001EA47E /* pizzaHut.jpg in Resources */ = {isa = PBXBuildFile; fileRef = A5E4A9B316A74FE6001EA47E /* pizzaHut.jpg */; };
		A5E4A9DE16A74FE6001EA47E /* popeyes.jpg in Resources */ = {isa = PBXBuildFile; fileRef = A5E4A9B416A74FE6001EA47E /* popeyes.jpg */; };
		A5E4A9DF16A74FE6001EA47E /* shuckles.jpg in Resources */ = {isa = PBXBuildFile; fileRef = A5E4A9B516A74FE6001EA47E /* shuckles.jpg */; };
		A5E4A9E016A74FE6001EA47E /* southsideDeli.jpg in Resources */ = {isa = PBXBuildFile; fileRef = A5E4A9B616A74FE6001EA47E /* southsideDeli.jpg */; };
		A5E4A9E116A74FE6001EA47E /* steakNShake.jpg in Resources */ = {isa = PBXBuildFile; fileRef = A5E4A9B716A74FE6001EA47E /* steakNShake.jpg */; };
		A5E4A9E216A74FE6001EA47E /* subway.jpg in Resources */ = {isa = PBXBuildFile; fileRef = A5E4A9B816A74FE6001EA47E /* subway.jpg */; };
		A5E4A9E316A74FE6001EA47E /* sushiBistro.jpg in Resources */ = {isa = PBXBuildFile; fileRef = A5E4A9B916A74FE6001EA47E /* sushiBistro.jpg */; };
		A5E4A9E416A74FE6001EA47E /* theMeltingPot.jpg in Resources */ = {isa = PBXBuildFile; fileRef = A5E4A9BA16A74FE6001EA47E /* theMeltingPot.jpg */; };
		A5E4A9E516A74FE6001EA47E /* theMojoGrill.jpg in Resources */ = {isa = PBXBuildFile; fileRef = A5E4A9BB16A74FE6001EA47E /* theMojoGrill.jpg */; };
		A5E4A9E616A74FE6001EA47E /* tresChic.jpg in Resources */ = {isa = PBXBuildFile; fileRef = A5E4A9BC16A74FE6001EA47E /* tresChic.jpg */; };
		A5E4A9E716A74FE6001EA47E /* waffleHouse.jpg in Resources */ = {isa = PBXBuildFile; fileRef = A5E4A9BD16A74FE6001EA47E /* waffleHouse.jpg */; };
		A5E4A9E816A74FE6001EA47E /* wendys.jpg in Resources */ = {isa = PBXBuildFile; fileRef = A5E4A9BE16A74FE6001EA47E /* wendys.jpg */; };
		A5E4A9E916A74FE6001EA47E /* yamato.jpg in Resources */ = {isa = PBXBuildFile; fileRef = A5E4A9BF16A74FE6001EA47E /* yamato.jpg */; };
		A5E4A9EB16A756B6001EA47E /* sonic.jpg in Resources */ = {isa = PBXBuildFile; fileRef = A5E4A9EA16A756B6001EA47E /* sonic.jpg */; };
		A5E4A9ED16A757A0001EA47E /* goldenCorral.jpg in Resources */ = {isa = PBXBuildFile; fileRef = A5E4A9EC16A757A0001EA47E /* goldenCorral.jpg */; };
		A5E4A9EF16A75811001EA47E /* tacoBell.jpg in Resources */ = {isa = PBXBuildFile; fileRef = A5E4A9EE16A75811001EA47E /* tacoBell.jpg */; };
		A5E4A9F116A76634001EA47E /* 2StarSkeleton.png in Resources */ = {isa = PBXBuildFile; fileRef = A5E4A9F016A76634001EA47E /* 2StarSkeleton.png */; };
		A5EC38FD169F62BB00C86517 /* MessageUI.framework in Frameworks */ = {isa = PBXBuildFile; fileRef = A5EC38FC169F62BA00C86517 /* MessageUI.framework */; };
		CBD1DDC6169F29400032DEE6 /* CircularPickerView.m in Sources */ = {isa = PBXBuildFile; fileRef = CBD1DDC5169F29400032DEE6 /* CircularPickerView.m */; };
		CBD4F251169738E100C44D2F /* RestaurantListViewController.m in Sources */ = {isa = PBXBuildFile; fileRef = CBD4F250169738E100C44D2F /* RestaurantListViewController.m */; };
		CBD4F254169738FC00C44D2F /* RestaurantDetailViewController.m in Sources */ = {isa = PBXBuildFile; fileRef = CBD4F253169738FC00C44D2F /* RestaurantDetailViewController.m */; };
		CBD4F2581697392E00C44D2F /* BasicTableViewController.m in Sources */ = {isa = PBXBuildFile; fileRef = CBD4F2571697392E00C44D2F /* BasicTableViewController.m */; };
		CBD4F25C16973B9800C44D2F /* RestaurantListCell.m in Sources */ = {isa = PBXBuildFile; fileRef = CBD4F25B16973B9800C44D2F /* RestaurantListCell.m */; };
		CBE443AE16960FBB00F993A2 /* UIKit.framework in Frameworks */ = {isa = PBXBuildFile; fileRef = CBE443AD16960FBB00F993A2 /* UIKit.framework */; };
		CBE443B016960FBB00F993A2 /* Foundation.framework in Frameworks */ = {isa = PBXBuildFile; fileRef = CBE443AF16960FBB00F993A2 /* Foundation.framework */; };
		CBE443B216960FBB00F993A2 /* CoreGraphics.framework in Frameworks */ = {isa = PBXBuildFile; fileRef = CBE443B116960FBB00F993A2 /* CoreGraphics.framework */; };
		CBE443B816960FBB00F993A2 /* InfoPlist.strings in Resources */ = {isa = PBXBuildFile; fileRef = CBE443B616960FBB00F993A2 /* InfoPlist.strings */; };
		CBE443BA16960FBB00F993A2 /* main.m in Sources */ = {isa = PBXBuildFile; fileRef = CBE443B916960FBB00F993A2 /* main.m */; };
		CBE443BE16960FBB00F993A2 /* AppDelegate.m in Sources */ = {isa = PBXBuildFile; fileRef = CBE443BD16960FBB00F993A2 /* AppDelegate.m */; };
		CBE443C016960FBB00F993A2 /* Default.png in Resources */ = {isa = PBXBuildFile; fileRef = CBE443BF16960FBB00F993A2 /* Default.png */; };
		CBE443C216960FBB00F993A2 /* Default@2x.png in Resources */ = {isa = PBXBuildFile; fileRef = CBE443C116960FBB00F993A2 /* Default@2x.png */; };
		CBE443C416960FBB00F993A2 /* Default-568h@2x.png in Resources */ = {isa = PBXBuildFile; fileRef = CBE443C316960FBB00F993A2 /* Default-568h@2x.png */; };
		CBE443C716960FBB00F993A2 /* MainStoryboard.storyboard in Resources */ = {isa = PBXBuildFile; fileRef = CBE443C516960FBB00F993A2 /* MainStoryboard.storyboard */; };
		CBE443CA16960FBB00F993A2 /* ViewController.m in Sources */ = {isa = PBXBuildFile; fileRef = CBE443C916960FBB00F993A2 /* ViewController.m */; };
		CBE443D316961D6C00F993A2 /* 2Star.png in Resources */ = {isa = PBXBuildFile; fileRef = CBE443D116961D6C00F993A2 /* 2Star.png */; };
		CBE443D416961D6C00F993A2 /* 4Star.png in Resources */ = {isa = PBXBuildFile; fileRef = CBE443D216961D6C00F993A2 /* 4Star.png */; };
/* End PBXBuildFile section */

/* Begin PBXFileReference section */
		A50A1F8E169DE297003DB6A6 /* JASidePanelController.h */ = {isa = PBXFileReference; fileEncoding = 4; lastKnownFileType = sourcecode.c.h; path = JASidePanelController.h; sourceTree = "<group>"; };
		A50A1F8F169DE297003DB6A6 /* JASidePanelController.m */ = {isa = PBXFileReference; fileEncoding = 4; lastKnownFileType = sourcecode.c.objc; path = JASidePanelController.m; sourceTree = "<group>"; };
		A50A1FF5169DE7AA003DB6A6 /* RandomRestaurauntListViewController.h */ = {isa = PBXFileReference; fileEncoding = 4; lastKnownFileType = sourcecode.c.h; path = RandomRestaurauntListViewController.h; sourceTree = "<group>"; };
		A50A1FF6169DE7AA003DB6A6 /* RandomRestaurauntListViewController.m */ = {isa = PBXFileReference; fileEncoding = 4; lastKnownFileType = sourcecode.c.objc; path = RandomRestaurauntListViewController.m; sourceTree = "<group>"; };
		A50A1FF9169DED55003DB6A6 /* QuartzCore.framework */ = {isa = PBXFileReference; lastKnownFileType = wrapper.framework; name = QuartzCore.framework; path = System/Library/Frameworks/QuartzCore.framework; sourceTree = SDKROOT; };
		A52B61EF16B19660006C882D /* SignUpViewController.h */ = {isa = PBXFileReference; fileEncoding = 4; lastKnownFileType = sourcecode.c.h; path = SignUpViewController.h; sourceTree = "<group>"; };
		A52B61F016B19660006C882D /* SignUpViewController.m */ = {isa = PBXFileReference; fileEncoding = 4; lastKnownFileType = sourcecode.c.objc; path = SignUpViewController.m; sourceTree = "<group>"; };
		A52B620116B1A602006C882D /* EmailListCell.h */ = {isa = PBXFileReference; fileEncoding = 4; lastKnownFileType = sourcecode.c.h; path = EmailListCell.h; sourceTree = "<group>"; };
		A52B620216B1A602006C882D /* EmailListCell.m */ = {isa = PBXFileReference; fileEncoding = 4; lastKnownFileType = sourcecode.c.objc; path = EmailListCell.m; sourceTree = "<group>"; };
		A52B620516B1A661006C882D /* EmailListAddCell.h */ = {isa = PBXFileReference; fileEncoding = 4; lastKnownFileType = sourcecode.c.h; path = EmailListAddCell.h; sourceTree = "<group>"; };
		A52B620616B1A661006C882D /* EmailListAddCell.m */ = {isa = PBXFileReference; fileEncoding = 4; lastKnownFileType = sourcecode.c.objc; path = EmailListAddCell.m; sourceTree = "<group>"; };
		A52C4CE916A8A63C0019B615 /* restaurantRatingList.plist */ = {isa = PBXFileReference; fileEncoding = 4; lastKnownFileType = text.plist.xml; path = restaurantRatingList.plist; sourceTree = "<group>"; };
		A57C196B16AEE49300215DC4 /* RestaurantTagCell.h */ = {isa = PBXFileReference; fileEncoding = 4; lastKnownFileType = sourcecode.c.h; path = RestaurantTagCell.h; sourceTree = "<group>"; };
		A57C196C16AEE49300215DC4 /* RestaurantTagCell.m */ = {isa = PBXFileReference; fileEncoding = 4; lastKnownFileType = sourcecode.c.objc; path = RestaurantTagCell.m; sourceTree = "<group>"; };
		A5953DEA16AF3526005677D9 /* imageNotAvailable.png */ = {isa = PBXFileReference; lastKnownFileType = image.png; name = imageNotAvailable.png; path = food/imageNotAvailable.png; sourceTree = "<group>"; };
		A5AA4EC0169F1C360049B4DC /* restaurantList.plist */ = {isa = PBXFileReference; fileEncoding = 4; lastKnownFileType = text.plist.xml; path = restaurantList.plist; sourceTree = "<group>"; };
		A5BB8DD516B99C4E00615C39 /* AccountViewController.h */ = {isa = PBXFileReference; fileEncoding = 4; lastKnownFileType = sourcecode.c.h; path = AccountViewController.h; sourceTree = "<group>"; };
		A5BB8DD616B99C4E00615C39 /* AccountViewController.m */ = {isa = PBXFileReference; fileEncoding = 4; lastKnownFileType = sourcecode.c.objc; path = AccountViewController.m; sourceTree = "<group>"; };
		A5E4A99216A74421001EA47E /* restaurantImageList.plist */ = {isa = PBXFileReference; fileEncoding = 4; lastKnownFileType = text.plist.xml; path = restaurantImageList.plist; sourceTree = "<group>"; };
		A5E4A99616A74FE6001EA47E /* arbys.jpg */ = {isa = PBXFileReference; lastKnownFileType = image.jpeg; path = arbys.jpg; sourceTree = "<group>"; };
		A5E4A99716A74FE6001EA47E /* bonefishGrill.jpg */ = {isa = PBXFileReference; lastKnownFileType = image.jpeg; path = bonefishGrill.jpg; sourceTree = "<group>"; };
		A5E4A99816A74FE6001EA47E /* bostonMarket.jpg */ = {isa = PBXFileReference; lastKnownFileType = image.jpeg; path = bostonMarket.jpg; sourceTree = "<group>"; };
		A5E4A99916A74FE6001EA47E /* buffetCity.jpg */ = {isa = PBXFileReference; lastKnownFileType = image.jpeg; path = buffetCity.jpg; sourceTree = "<group>"; };
		A5E4A99A16A74FE6001EA47E /* burgerKing.jpg */ = {isa = PBXFileReference; lastKnownFileType = image.jpeg; path = burgerKing.jpg; sourceTree = "<group>"; };
		A5E4A99B16A74FE6001EA47E /* carrabbas.jpg */ = {isa = PBXFileReference; lastKnownFileType = image.jpeg; path = carrabbas.jpg; sourceTree = "<group>"; };
		A5E4A99C16A74FE6001EA47E /* chuckECheese.jpg */ = {isa = PBXFileReference; lastKnownFileType = image.jpeg; path = chuckECheese.jpg; sourceTree = "<group>"; };
		A5E4A99D16A74FE6001EA47E /* codys.jpg */ = {isa = PBXFileReference; lastKnownFileType = image.jpeg; path = codys.jpg; sourceTree = "<group>"; };
		A5E4A99E16A74FE6001EA47E /* crackerBarrel.jpg */ = {isa = PBXFileReference; lastKnownFileType = image.jpeg; path = crackerBarrel.jpg; sourceTree = "<group>"; };
		A5E4A99F16A74FE6001EA47E /* danZanos.jpg */ = {isa = PBXFileReference; lastKnownFileType = image.jpeg; path = danZanos.jpg; sourceTree = "<group>"; };
		A5E4A9A016A74FE6001EA47E /* fiores.jpg */ = {isa = PBXFileReference; lastKnownFileType = image.jpeg; path = fiores.jpg; sourceTree = "<group>"; };
		A5E4A9A116A74FE6001EA47E /* fireHouse.jpg */ = {isa = PBXFileReference; lastKnownFileType = image.jpeg; path = fireHouse.jpg; sourceTree = "<group>"; };
		A5E4A9A216A74FE6001EA47E /* fiveGuys.jpg */ = {isa = PBXFileReference; lastKnownFileType = image.jpeg; path = fiveGuys.jpg; sourceTree = "<group>"; };
		A5E4A9A316A74FE6001EA47E /* harrysSeafood.jpg */ = {isa = PBXFileReference; lastKnownFileType = image.jpeg; path = harrysSeafood.jpg; sourceTree = "<group>"; };
		A5E4A9A416A74FE6001EA47E /* hungryBear.jpg */ = {isa = PBXFileReference; lastKnownFileType = image.jpeg; path = hungryBear.jpg; sourceTree = "<group>"; };
		A5E4A9A516A74FE6001EA47E /* hungryHowies.jpg */ = {isa = PBXFileReference; lastKnownFileType = image.jpeg; path = hungryHowies.jpg; sourceTree = "<group>"; };
		A5E4A9A616A74FE6001EA47E /* iHop.jpg */ = {isa = PBXFileReference; lastKnownFileType = image.jpeg; path = iHop.jpg; sourceTree = "<group>"; };
		A5E4A9A716A74FE6001EA47E /* KFC.jpg */ = {isa = PBXFileReference; lastKnownFileType = image.jpeg; path = KFC.jpg; sourceTree = "<group>"; };
		A5E4A9A816A74FE6001EA47E /* latinosYMas.jpg */ = {isa = PBXFileReference; lastKnownFileType = image.jpeg; path = latinosYMas.jpg; sourceTree = "<group>"; };
		A5E4A9A916A74FE6001EA47E /* lees.jpg */ = {isa = PBXFileReference; lastKnownFileType = image.jpeg; path = lees.jpg; sourceTree = "<group>"; };
		A5E4A9AA16A74FE6001EA47E /* longJohnsSilvers.jpg */ = {isa = PBXFileReference; lastKnownFileType = image.jpeg; path = longJohnsSilvers.jpg; sourceTree = "<group>"; };
		A5E4A9AB16A74FE6001EA47E /* loritos.jpg */ = {isa = PBXFileReference; lastKnownFileType = image.jpeg; path = loritos.jpg; sourceTree = "<group>"; };
		A5E4A9AC16A74FE6001EA47E /* lunchbox.jpg */ = {isa = PBXFileReference; lastKnownFileType = image.jpeg; path = lunchbox.jpg; sourceTree = "<group>"; };
		A5E4A9AD16A74FE6001EA47E /* mcdonalds.jpg */ = {isa = PBXFileReference; lastKnownFileType = image.jpeg; path = mcdonalds.jpg; sourceTree = "<group>"; };
		A5E4A9AE16A74FE6001EA47E /* murphysOysterBar.jpg */ = {isa = PBXFileReference; lastKnownFileType = image.jpeg; path = murphysOysterBar.jpg; sourceTree = "<group>"; };
		A5E4A9AF16A74FE6001EA47E /* no1Chinese.jpg */ = {isa = PBXFileReference; lastKnownFileType = image.jpeg; path = no1Chinese.jpg; sourceTree = "<group>"; };
		A5E4A9B016A74FE6001EA47E /* paddockMall.jpg */ = {isa = PBXFileReference; lastKnownFileType = image.jpeg; path = paddockMall.jpg; sourceTree = "<group>"; };
		A5E4A9B116A74FE6001EA47E /* paneraBread.jpg */ = {isa = PBXFileReference; lastKnownFileType = image.jpeg; path = paneraBread.jpg; sourceTree = "<group>"; };
		A5E4A9B216A74FE6001EA47E /* papaJohns.jpg */ = {isa = PBXFileReference; lastKnownFileType = image.jpeg; path = papaJohns.jpg; sourceTree = "<group>"; };
		A5E4A9B316A74FE6001EA47E /* pizzaHut.jpg */ = {isa = PBXFileReference; lastKnownFileType = image.jpeg; path = pizzaHut.jpg; sourceTree = "<group>"; };
		A5E4A9B416A74FE6001EA47E /* popeyes.jpg */ = {isa = PBXFileReference; lastKnownFileType = image.jpeg; path = popeyes.jpg; sourceTree = "<group>"; };
		A5E4A9B516A74FE6001EA47E /* shuckles.jpg */ = {isa = PBXFileReference; lastKnownFileType = image.jpeg; path = shuckles.jpg; sourceTree = "<group>"; };
		A5E4A9B616A74FE6001EA47E /* southsideDeli.jpg */ = {isa = PBXFileReference; lastKnownFileType = image.jpeg; path = southsideDeli.jpg; sourceTree = "<group>"; };
		A5E4A9B716A74FE6001EA47E /* steakNShake.jpg */ = {isa = PBXFileReference; lastKnownFileType = image.jpeg; path = steakNShake.jpg; sourceTree = "<group>"; };
		A5E4A9B816A74FE6001EA47E /* subway.jpg */ = {isa = PBXFileReference; lastKnownFileType = image.jpeg; path = subway.jpg; sourceTree = "<group>"; };
		A5E4A9B916A74FE6001EA47E /* sushiBistro.jpg */ = {isa = PBXFileReference; lastKnownFileType = image.jpeg; path = sushiBistro.jpg; sourceTree = "<group>"; };
		A5E4A9BA16A74FE6001EA47E /* theMeltingPot.jpg */ = {isa = PBXFileReference; lastKnownFileType = image.jpeg; path = theMeltingPot.jpg; sourceTree = "<group>"; };
		A5E4A9BB16A74FE6001EA47E /* theMojoGrill.jpg */ = {isa = PBXFileReference; lastKnownFileType = image.jpeg; path = theMojoGrill.jpg; sourceTree = "<group>"; };
		A5E4A9BC16A74FE6001EA47E /* tresChic.jpg */ = {isa = PBXFileReference; lastKnownFileType = image.jpeg; path = tresChic.jpg; sourceTree = "<group>"; };
		A5E4A9BD16A74FE6001EA47E /* waffleHouse.jpg */ = {isa = PBXFileReference; lastKnownFileType = image.jpeg; path = waffleHouse.jpg; sourceTree = "<group>"; };
		A5E4A9BE16A74FE6001EA47E /* wendys.jpg */ = {isa = PBXFileReference; lastKnownFileType = image.jpeg; path = wendys.jpg; sourceTree = "<group>"; };
		A5E4A9BF16A74FE6001EA47E /* yamato.jpg */ = {isa = PBXFileReference; lastKnownFileType = image.jpeg; path = yamato.jpg; sourceTree = "<group>"; };
		A5E4A9EA16A756B6001EA47E /* sonic.jpg */ = {isa = PBXFileReference; lastKnownFileType = image.jpeg; path = sonic.jpg; sourceTree = "<group>"; };
		A5E4A9EC16A757A0001EA47E /* goldenCorral.jpg */ = {isa = PBXFileReference; lastKnownFileType = image.jpeg; path = goldenCorral.jpg; sourceTree = "<group>"; };
		A5E4A9EE16A75811001EA47E /* tacoBell.jpg */ = {isa = PBXFileReference; lastKnownFileType = image.jpeg; path = tacoBell.jpg; sourceTree = "<group>"; };
		A5E4A9F016A76634001EA47E /* 2StarSkeleton.png */ = {isa = PBXFileReference; lastKnownFileType = image.png; path = 2StarSkeleton.png; sourceTree = "<group>"; };
		A5EC38FC169F62BA00C86517 /* MessageUI.framework */ = {isa = PBXFileReference; lastKnownFileType = wrapper.framework; name = MessageUI.framework; path = System/Library/Frameworks/MessageUI.framework; sourceTree = SDKROOT; };
		CBD1DDC4169F29400032DEE6 /* CircularPickerView.h */ = {isa = PBXFileReference; fileEncoding = 4; lastKnownFileType = sourcecode.c.h; path = CircularPickerView.h; sourceTree = "<group>"; };
		CBD1DDC5169F29400032DEE6 /* CircularPickerView.m */ = {isa = PBXFileReference; fileEncoding = 4; lastKnownFileType = sourcecode.c.objc; path = CircularPickerView.m; sourceTree = "<group>"; };
		CBD4F24F169738E100C44D2F /* RestaurantListViewController.h */ = {isa = PBXFileReference; fileEncoding = 4; lastKnownFileType = sourcecode.c.h; path = RestaurantListViewController.h; sourceTree = "<group>"; };
		CBD4F250169738E100C44D2F /* RestaurantListViewController.m */ = {isa = PBXFileReference; fileEncoding = 4; lastKnownFileType = sourcecode.c.objc; path = RestaurantListViewController.m; sourceTree = "<group>"; };
		CBD4F252169738FC00C44D2F /* RestaurantDetailViewController.h */ = {isa = PBXFileReference; fileEncoding = 4; lastKnownFileType = sourcecode.c.h; path = RestaurantDetailViewController.h; sourceTree = "<group>"; };
		CBD4F253169738FC00C44D2F /* RestaurantDetailViewController.m */ = {isa = PBXFileReference; fileEncoding = 4; lastKnownFileType = sourcecode.c.objc; path = RestaurantDetailViewController.m; sourceTree = "<group>"; };
		CBD4F2561697392E00C44D2F /* BasicTableViewController.h */ = {isa = PBXFileReference; fileEncoding = 4; lastKnownFileType = sourcecode.c.h; path = BasicTableViewController.h; sourceTree = "<group>"; };
		CBD4F2571697392E00C44D2F /* BasicTableViewController.m */ = {isa = PBXFileReference; fileEncoding = 4; lastKnownFileType = sourcecode.c.objc; path = BasicTableViewController.m; sourceTree = "<group>"; };
		CBD4F25A16973B9800C44D2F /* RestaurantListCell.h */ = {isa = PBXFileReference; fileEncoding = 4; lastKnownFileType = sourcecode.c.h; path = RestaurantListCell.h; sourceTree = "<group>"; };
		CBD4F25B16973B9800C44D2F /* RestaurantListCell.m */ = {isa = PBXFileReference; fileEncoding = 4; lastKnownFileType = sourcecode.c.objc; path = RestaurantListCell.m; sourceTree = "<group>"; };
		CBE443A916960FBB00F993A2 /* Lunchadore.app */ = {isa = PBXFileReference; explicitFileType = wrapper.application; includeInIndex = 0; path = Lunchadore.app; sourceTree = BUILT_PRODUCTS_DIR; };
		CBE443AD16960FBB00F993A2 /* UIKit.framework */ = {isa = PBXFileReference; lastKnownFileType = wrapper.framework; name = UIKit.framework; path = System/Library/Frameworks/UIKit.framework; sourceTree = SDKROOT; };
		CBE443AF16960FBB00F993A2 /* Foundation.framework */ = {isa = PBXFileReference; lastKnownFileType = wrapper.framework; name = Foundation.framework; path = System/Library/Frameworks/Foundation.framework; sourceTree = SDKROOT; };
		CBE443B116960FBB00F993A2 /* CoreGraphics.framework */ = {isa = PBXFileReference; lastKnownFileType = wrapper.framework; name = CoreGraphics.framework; path = System/Library/Frameworks/CoreGraphics.framework; sourceTree = SDKROOT; };
		CBE443B516960FBB00F993A2 /* Lunchadore-Info.plist */ = {isa = PBXFileReference; lastKnownFileType = text.plist.xml; path = "Lunchadore-Info.plist"; sourceTree = "<group>"; };
		CBE443B716960FBB00F993A2 /* en */ = {isa = PBXFileReference; lastKnownFileType = text.plist.strings; name = en; path = en.lproj/InfoPlist.strings; sourceTree = "<group>"; };
		CBE443B916960FBB00F993A2 /* main.m */ = {isa = PBXFileReference; lastKnownFileType = sourcecode.c.objc; path = main.m; sourceTree = "<group>"; };
		CBE443BB16960FBB00F993A2 /* Lunchadore-Prefix.pch */ = {isa = PBXFileReference; lastKnownFileType = sourcecode.c.h; path = "Lunchadore-Prefix.pch"; sourceTree = "<group>"; };
		CBE443BC16960FBB00F993A2 /* AppDelegate.h */ = {isa = PBXFileReference; lastKnownFileType = sourcecode.c.h; path = AppDelegate.h; sourceTree = "<group>"; };
		CBE443BD16960FBB00F993A2 /* AppDelegate.m */ = {isa = PBXFileReference; lastKnownFileType = sourcecode.c.objc; path = AppDelegate.m; sourceTree = "<group>"; };
		CBE443BF16960FBB00F993A2 /* Default.png */ = {isa = PBXFileReference; lastKnownFileType = image.png; path = Default.png; sourceTree = "<group>"; };
		CBE443C116960FBB00F993A2 /* Default@2x.png */ = {isa = PBXFileReference; lastKnownFileType = image.png; path = "Default@2x.png"; sourceTree = "<group>"; };
		CBE443C316960FBB00F993A2 /* Default-568h@2x.png */ = {isa = PBXFileReference; lastKnownFileType = image.png; path = "Default-568h@2x.png"; sourceTree = "<group>"; };
		CBE443C616960FBB00F993A2 /* en */ = {isa = PBXFileReference; lastKnownFileType = file.storyboard; name = en; path = en.lproj/MainStoryboard.storyboard; sourceTree = "<group>"; };
		CBE443C816960FBB00F993A2 /* ViewController.h */ = {isa = PBXFileReference; lastKnownFileType = sourcecode.c.h; path = ViewController.h; sourceTree = "<group>"; };
		CBE443C916960FBB00F993A2 /* ViewController.m */ = {isa = PBXFileReference; lastKnownFileType = sourcecode.c.objc; path = ViewController.m; sourceTree = "<group>"; };
		CBE443D116961D6C00F993A2 /* 2Star.png */ = {isa = PBXFileReference; lastKnownFileType = image.png; path = 2Star.png; sourceTree = "<group>"; };
		CBE443D216961D6C00F993A2 /* 4Star.png */ = {isa = PBXFileReference; lastKnownFileType = image.png; path = 4Star.png; sourceTree = "<group>"; };
/* End PBXFileReference section */

/* Begin PBXFrameworksBuildPhase section */
		CBE443A616960FBB00F993A2 /* Frameworks */ = {
			isa = PBXFrameworksBuildPhase;
			buildActionMask = 2147483647;
			files = (
				A5EC38FD169F62BB00C86517 /* MessageUI.framework in Frameworks */,
				A50A1FFA169DED55003DB6A6 /* QuartzCore.framework in Frameworks */,
				CBE443AE16960FBB00F993A2 /* UIKit.framework in Frameworks */,
				CBE443B016960FBB00F993A2 /* Foundation.framework in Frameworks */,
				CBE443B216960FBB00F993A2 /* CoreGraphics.framework in Frameworks */,
			);
			runOnlyForDeploymentPostprocessing = 0;
		};
/* End PBXFrameworksBuildPhase section */

/* Begin PBXGroup section */
		A50A1F8D169DE297003DB6A6 /* JASidePanel */ = {
			isa = PBXGroup;
			children = (
				A50A1F8E169DE297003DB6A6 /* JASidePanelController.h */,
				A50A1F8F169DE297003DB6A6 /* JASidePanelController.m */,
			);
			path = JASidePanel;
			sourceTree = "<group>";
		};
		A5E4A99516A74FE6001EA47E /* food */ = {
			isa = PBXGroup;
			children = (
				A5E4A99616A74FE6001EA47E /* arbys.jpg */,
				A5E4A99716A74FE6001EA47E /* bonefishGrill.jpg */,
				A5E4A99816A74FE6001EA47E /* bostonMarket.jpg */,
				A5E4A99916A74FE6001EA47E /* buffetCity.jpg */,
				A5E4A99A16A74FE6001EA47E /* burgerKing.jpg */,
				A5E4A99B16A74FE6001EA47E /* carrabbas.jpg */,
				A5E4A99C16A74FE6001EA47E /* chuckECheese.jpg */,
				A5E4A99D16A74FE6001EA47E /* codys.jpg */,
				A5E4A99E16A74FE6001EA47E /* crackerBarrel.jpg */,
				A5E4A99F16A74FE6001EA47E /* danZanos.jpg */,
				A5E4A9A016A74FE6001EA47E /* fiores.jpg */,
				A5E4A9A116A74FE6001EA47E /* fireHouse.jpg */,
				A5E4A9A216A74FE6001EA47E /* fiveGuys.jpg */,
				A5E4A9EC16A757A0001EA47E /* goldenCorral.jpg */,
				A5E4A9A316A74FE6001EA47E /* harrysSeafood.jpg */,
				A5E4A9A416A74FE6001EA47E /* hungryBear.jpg */,
				A5E4A9A516A74FE6001EA47E /* hungryHowies.jpg */,
				A5E4A9A616A74FE6001EA47E /* iHop.jpg */,
				A5E4A9A716A74FE6001EA47E /* KFC.jpg */,
				A5E4A9A816A74FE6001EA47E /* latinosYMas.jpg */,
				A5E4A9A916A74FE6001EA47E /* lees.jpg */,
				A5E4A9AA16A74FE6001EA47E /* longJohnsSilvers.jpg */,
				A5E4A9AB16A74FE6001EA47E /* loritos.jpg */,
				A5E4A9AC16A74FE6001EA47E /* lunchbox.jpg */,
				A5E4A9AD16A74FE6001EA47E /* mcdonalds.jpg */,
				A5E4A9AE16A74FE6001EA47E /* murphysOysterBar.jpg */,
				A5E4A9AF16A74FE6001EA47E /* no1Chinese.jpg */,
				A5E4A9B016A74FE6001EA47E /* paddockMall.jpg */,
				A5E4A9B116A74FE6001EA47E /* paneraBread.jpg */,
				A5E4A9B216A74FE6001EA47E /* papaJohns.jpg */,
				A5E4A9B316A74FE6001EA47E /* pizzaHut.jpg */,
				A5E4A9B416A74FE6001EA47E /* popeyes.jpg */,
				A5E4A9B516A74FE6001EA47E /* shuckles.jpg */,
				A5E4A9EA16A756B6001EA47E /* sonic.jpg */,
				A5E4A9B616A74FE6001EA47E /* southsideDeli.jpg */,
				A5E4A9B716A74FE6001EA47E /* steakNShake.jpg */,
				A5E4A9B816A74FE6001EA47E /* subway.jpg */,
				A5E4A9B916A74FE6001EA47E /* sushiBistro.jpg */,
				A5E4A9EE16A75811001EA47E /* tacoBell.jpg */,
				A5E4A9BA16A74FE6001EA47E /* theMeltingPot.jpg */,
				A5E4A9BB16A74FE6001EA47E /* theMojoGrill.jpg */,
				A5E4A9BC16A74FE6001EA47E /* tresChic.jpg */,
				A5E4A9BD16A74FE6001EA47E /* waffleHouse.jpg */,
				A5E4A9BE16A74FE6001EA47E /* wendys.jpg */,
				A5E4A9BF16A74FE6001EA47E /* yamato.jpg */,
			);
			path = food;
			sourceTree = "<group>";
		};
		CBD1DDC3169F29400032DEE6 /* CircularPicker */ = {
			isa = PBXGroup;
			children = (
				CBD1DDC4169F29400032DEE6 /* CircularPickerView.h */,
				CBD1DDC5169F29400032DEE6 /* CircularPickerView.m */,
			);
			path = CircularPicker;
			sourceTree = "<group>";
		};
		CBD4F24D169738AC00C44D2F /* View Controllers */ = {
			isa = PBXGroup;
			children = (
				CBD1DDC3169F29400032DEE6 /* CircularPicker */,
				CBD4F24F169738E100C44D2F /* RestaurantListViewController.h */,
				CBD4F250169738E100C44D2F /* RestaurantListViewController.m */,
				CBD4F252169738FC00C44D2F /* RestaurantDetailViewController.h */,
				CBD4F253169738FC00C44D2F /* RestaurantDetailViewController.m */,
				A50A1FF5169DE7AA003DB6A6 /* RandomRestaurauntListViewController.h */,
				A50A1FF6169DE7AA003DB6A6 /* RandomRestaurauntListViewController.m */,
				A52B61EF16B19660006C882D /* SignUpViewController.h */,
				A52B61F016B19660006C882D /* SignUpViewController.m */,
				A5BB8DD516B99C4E00615C39 /* AccountViewController.h */,
				A5BB8DD616B99C4E00615C39 /* AccountViewController.m */,
			);
			name = "View Controllers";
			sourceTree = "<group>";
		};
		CBD4F2551697390B00C44D2F /* Basic Classes */ = {
			isa = PBXGroup;
			children = (
				CBD4F2561697392E00C44D2F /* BasicTableViewController.h */,
				CBD4F2571697392E00C44D2F /* BasicTableViewController.m */,
			);
			name = "Basic Classes";
			sourceTree = "<group>";
		};
		CBD4F25916973B7B00C44D2F /* Cells */ = {
			isa = PBXGroup;
			children = (
				A57C196B16AEE49300215DC4 /* RestaurantTagCell.h */,
				A57C196C16AEE49300215DC4 /* RestaurantTagCell.m */,
				A52B620116B1A602006C882D /* EmailListCell.h */,
				A52B620216B1A602006C882D /* EmailListCell.m */,
				CBD4F25A16973B9800C44D2F /* RestaurantListCell.h */,
				CBD4F25B16973B9800C44D2F /* RestaurantListCell.m */,
				A52B620516B1A661006C882D /* EmailListAddCell.h */,
				A52B620616B1A661006C882D /* EmailListAddCell.m */,
			);
			name = Cells;
			sourceTree = "<group>";
		};
		CBE4439E16960FBB00F993A2 = {
			isa = PBXGroup;
			children = (
				CBE443B316960FBB00F993A2 /* DS Luch App */,
				CBE443AC16960FBB00F993A2 /* Frameworks */,
				CBE443AA16960FBB00F993A2 /* Products */,
			);
			sourceTree = "<group>";
		};
		CBE443AA16960FBB00F993A2 /* Products */ = {
			isa = PBXGroup;
			children = (
				CBE443A916960FBB00F993A2 /* Lunchadore.app */,
			);
			name = Products;
			sourceTree = "<group>";
		};
		CBE443AC16960FBB00F993A2 /* Frameworks */ = {
			isa = PBXGroup;
			children = (
				A5EC38FC169F62BA00C86517 /* MessageUI.framework */,
				A50A1FF9169DED55003DB6A6 /* QuartzCore.framework */,
				CBE443AD16960FBB00F993A2 /* UIKit.framework */,
				CBE443AF16960FBB00F993A2 /* Foundation.framework */,
				CBE443B116960FBB00F993A2 /* CoreGraphics.framework */,
			);
			name = Frameworks;
			sourceTree = "<group>";
		};
		CBE443B316960FBB00F993A2 /* DS Luch App */ = {
			isa = PBXGroup;
			children = (
				CBD4F25916973B7B00C44D2F /* Cells */,
				CBD4F2551697390B00C44D2F /* Basic Classes */,
				CBD4F24D169738AC00C44D2F /* View Controllers */,
				CBE443D016961D5A00F993A2 /* Graphics */,
				CBE443BC16960FBB00F993A2 /* AppDelegate.h */,
				CBE443BD16960FBB00F993A2 /* AppDelegate.m */,
				CBE443C516960FBB00F993A2 /* MainStoryboard.storyboard */,
				CBE443C816960FBB00F993A2 /* ViewController.h */,
				CBE443C916960FBB00F993A2 /* ViewController.m */,
				A50A1F8D169DE297003DB6A6 /* JASidePanel */,
				CBE443B416960FBB00F993A2 /* Supporting Files */,
			);
			path = "DS Luch App";
			sourceTree = "<group>";
		};
		CBE443B416960FBB00F993A2 /* Supporting Files */ = {
			isa = PBXGroup;
			children = (
				A5E4A99216A74421001EA47E /* restaurantImageList.plist */,
				A5AA4EC0169F1C360049B4DC /* restaurantList.plist */,
				A52C4CE916A8A63C0019B615 /* restaurantRatingList.plist */,
				CBE443B516960FBB00F993A2 /* Lunchadore-Info.plist */,
				CBE443B616960FBB00F993A2 /* InfoPlist.strings */,
				CBE443B916960FBB00F993A2 /* main.m */,
				CBE443BB16960FBB00F993A2 /* Lunchadore-Prefix.pch */,
				CBE443BF16960FBB00F993A2 /* Default.png */,
				CBE443C116960FBB00F993A2 /* Default@2x.png */,
				CBE443C316960FBB00F993A2 /* Default-568h@2x.png */,
			);
			name = "Supporting Files";
			sourceTree = "<group>";
		};
		CBE443D016961D5A00F993A2 /* Graphics */ = {
			isa = PBXGroup;
			children = (
				CBE443D116961D6C00F993A2 /* 2Star.png */,
				A5E4A9F016A76634001EA47E /* 2StarSkeleton.png */,
				CBE443D216961D6C00F993A2 /* 4Star.png */,
				A5E4A99516A74FE6001EA47E /* food */,
				A5953DEA16AF3526005677D9 /* imageNotAvailable.png */,
			);
			name = Graphics;
			sourceTree = "<group>";
		};
/* End PBXGroup section */

/* Begin PBXNativeTarget section */
		CBE443A816960FBB00F993A2 /* Lunchadore */ = {
			isa = PBXNativeTarget;
			buildConfigurationList = CBE443CD16960FBB00F993A2 /* Build configuration list for PBXNativeTarget "Lunchadore" */;
			buildPhases = (
				CBE443A516960FBB00F993A2 /* Sources */,
				CBE443A616960FBB00F993A2 /* Frameworks */,
				CBE443A716960FBB00F993A2 /* Resources */,
			);
			buildRules = (
			);
			dependencies = (
			);
			name = Lunchadore;
			productName = "DS Luch App";
			productReference = CBE443A916960FBB00F993A2 /* Lunchadore.app */;
			productType = "com.apple.product-type.application";
		};
/* End PBXNativeTarget section */

/* Begin PBXProject section */
		CBE443A016960FBB00F993A2 /* Project object */ = {
			isa = PBXProject;
			attributes = {
				LastUpgradeCheck = 0450;
				ORGANIZATIONNAME = DSMediaLabs;
			};
			buildConfigurationList = CBE443A316960FBB00F993A2 /* Build configuration list for PBXProject "Lunchadore" */;
			compatibilityVersion = "Xcode 3.2";
			developmentRegion = English;
			hasScannedForEncodings = 0;
			knownRegions = (
				en,
			);
			mainGroup = CBE4439E16960FBB00F993A2;
			productRefGroup = CBE443AA16960FBB00F993A2 /* Products */;
			projectDirPath = "";
			projectRoot = "";
			targets = (
				CBE443A816960FBB00F993A2 /* Lunchadore */,
			);
		};
/* End PBXProject section */

/* Begin PBXResourcesBuildPhase section */
		CBE443A716960FBB00F993A2 /* Resources */ = {
			isa = PBXResourcesBuildPhase;
			buildActionMask = 2147483647;
			files = (
				CBE443B816960FBB00F993A2 /* InfoPlist.strings in Resources */,
				CBE443C016960FBB00F993A2 /* Default.png in Resources */,
				CBE443C216960FBB00F993A2 /* Default@2x.png in Resources */,
				CBE443C416960FBB00F993A2 /* Default-568h@2x.png in Resources */,
				CBE443C716960FBB00F993A2 /* MainStoryboard.storyboard in Resources */,
				CBE443D316961D6C00F993A2 /* 2Star.png in Resources */,
				CBE443D416961D6C00F993A2 /* 4Star.png in Resources */,
				A5AA4EC1169F1C360049B4DC /* restaurantList.plist in Resources */,
				A5E4A99316A74421001EA47E /* restaurantImageList.plist in Resources */,
				A5E4A9C016A74FE6001EA47E /* arbys.jpg in Resources */,
				A5E4A9C116A74FE6001EA47E /* bonefishGrill.jpg in Resources */,
				A5E4A9C216A74FE6001EA47E /* bostonMarket.jpg in Resources */,
				A5E4A9C316A74FE6001EA47E /* buffetCity.jpg in Resources */,
				A5E4A9C416A74FE6001EA47E /* burgerKing.jpg in Resources */,
				A5E4A9C516A74FE6001EA47E /* carrabbas.jpg in Resources */,
				A5E4A9C616A74FE6001EA47E /* chuckECheese.jpg in Resources */,
				A5E4A9C716A74FE6001EA47E /* codys.jpg in Resources */,
				A5E4A9C816A74FE6001EA47E /* crackerBarrel.jpg in Resources */,
				A5E4A9C916A74FE6001EA47E /* danZanos.jpg in Resources */,
				A5E4A9CA16A74FE6001EA47E /* fiores.jpg in Resources */,
				A5E4A9CB16A74FE6001EA47E /* fireHouse.jpg in Resources */,
				A5E4A9CC16A74FE6001EA47E /* fiveGuys.jpg in Resources */,
				A5E4A9CD16A74FE6001EA47E /* harrysSeafood.jpg in Resources */,
				A5E4A9CE16A74FE6001EA47E /* hungryBear.jpg in Resources */,
				A5E4A9CF16A74FE6001EA47E /* hungryHowies.jpg in Resources */,
				A5E4A9D016A74FE6001EA47E /* iHop.jpg in Resources */,
				A5E4A9D116A74FE6001EA47E /* KFC.jpg in Resources */,
				A5E4A9D216A74FE6001EA47E /* latinosYMas.jpg in Resources */,
				A5E4A9D316A74FE6001EA47E /* lees.jpg in Resources */,
				A5E4A9D416A74FE6001EA47E /* longJohnsSilvers.jpg in Resources */,
				A5E4A9D516A74FE6001EA47E /* loritos.jpg in Resources */,
				A5E4A9D616A74FE6001EA47E /* lunchbox.jpg in Resources */,
				A5E4A9D716A74FE6001EA47E /* mcdonalds.jpg in Resources */,
				A5E4A9D816A74FE6001EA47E /* murphysOysterBar.jpg in Resources */,
				A5E4A9D916A74FE6001EA47E /* no1Chinese.jpg in Resources */,
				A5E4A9DA16A74FE6001EA47E /* paddockMall.jpg in Resources */,
				A5E4A9DB16A74FE6001EA47E /* paneraBread.jpg in Resources */,
				A5E4A9DC16A74FE6001EA47E /* papaJohns.jpg in Resources */,
				A5E4A9DD16A74FE6001EA47E /* pizzaHut.jpg in Resources */,
				A5E4A9DE16A74FE6001EA47E /* popeyes.jpg in Resources */,
				A5E4A9DF16A74FE6001EA47E /* shuckles.jpg in Resources */,
				A5E4A9E016A74FE6001EA47E /* southsideDeli.jpg in Resources */,
				A5E4A9E116A74FE6001EA47E /* steakNShake.jpg in Resources */,
				A5E4A9E216A74FE6001EA47E /* subway.jpg in Resources */,
				A5E4A9E316A74FE6001EA47E /* sushiBistro.jpg in Resources */,
				A5E4A9E416A74FE6001EA47E /* theMeltingPot.jpg in Resources */,
				A5E4A9E516A74FE6001EA47E /* theMojoGrill.jpg in Resources */,
				A5E4A9E616A74FE6001EA47E /* tresChic.jpg in Resources */,
				A5E4A9E716A74FE6001EA47E /* waffleHouse.jpg in Resources */,
				A5E4A9E816A74FE6001EA47E /* wendys.jpg in Resources */,
				A5E4A9E916A74FE6001EA47E /* yamato.jpg in Resources */,
				A5E4A9EB16A756B6001EA47E /* sonic.jpg in Resources */,
				A5E4A9ED16A757A0001EA47E /* goldenCorral.jpg in Resources */,
				A5E4A9EF16A75811001EA47E /* tacoBell.jpg in Resources */,
				A5E4A9F116A76634001EA47E /* 2StarSkeleton.png in Resources */,
				A52C4CEA16A8A63C0019B615 /* restaurantRatingList.plist in Resources */,
				A5953DEB16AF3526005677D9 /* imageNotAvailable.png in Resources */,
			);
			runOnlyForDeploymentPostprocessing = 0;
		};
/* End PBXResourcesBuildPhase section */

/* Begin PBXSourcesBuildPhase section */
		CBE443A516960FBB00F993A2 /* Sources */ = {
			isa = PBXSourcesBuildPhase;
			buildActionMask = 2147483647;
			files = (
				CBE443BA16960FBB00F993A2 /* main.m in Sources */,
				CBE443BE16960FBB00F993A2 /* AppDelegate.m in Sources */,
				CBE443CA16960FBB00F993A2 /* ViewController.m in Sources */,
				CBD4F251169738E100C44D2F /* RestaurantListViewController.m in Sources */,
				CBD4F254169738FC00C44D2F /* RestaurantDetailViewController.m in Sources */,
				CBD4F2581697392E00C44D2F /* BasicTableViewController.m in Sources */,
				CBD4F25C16973B9800C44D2F /* RestaurantListCell.m in Sources */,
				A50A1FF7169DE7AA003DB6A6 /* RandomRestaurauntListViewController.m in Sources */,
				A50A1FF8169DEC40003DB6A6 /* JASidePanelController.m in Sources */,
				CBD1DDC6169F29400032DEE6 /* CircularPickerView.m in Sources */,
				A57C196D16AEE49300215DC4 /* RestaurantTagCell.m in Sources */,
				A52B61F116B19660006C882D /* SignUpViewController.m in Sources */,
				A52B620316B1A602006C882D /* EmailListCell.m in Sources */,
				A52B620716B1A661006C882D /* EmailListAddCell.m in Sources */,
				A5BB8DD716B99C4E00615C39 /* AccountViewController.m in Sources */,
			);
			runOnlyForDeploymentPostprocessing = 0;
		};
/* End PBXSourcesBuildPhase section */

/* Begin PBXVariantGroup section */
		CBE443B616960FBB00F993A2 /* InfoPlist.strings */ = {
			isa = PBXVariantGroup;
			children = (
				CBE443B716960FBB00F993A2 /* en */,
			);
			name = InfoPlist.strings;
			sourceTree = "<group>";
		};
		CBE443C516960FBB00F993A2 /* MainStoryboard.storyboard */ = {
			isa = PBXVariantGroup;
			children = (
				CBE443C616960FBB00F993A2 /* en */,
			);
			name = MainStoryboard.storyboard;
			sourceTree = "<group>";
		};
/* End PBXVariantGroup section */

/* Begin XCBuildConfiguration section */
		CBE443CB16960FBB00F993A2 /* Debug */ = {
			isa = XCBuildConfiguration;
			buildSettings = {
				ALWAYS_SEARCH_USER_PATHS = NO;
				CLANG_CXX_LANGUAGE_STANDARD = "gnu++0x";
				CLANG_CXX_LIBRARY = "libc++";
				CLANG_ENABLE_OBJC_ARC = YES;
				CLANG_WARN_EMPTY_BODY = YES;
				CLANG_WARN__DUPLICATE_METHOD_MATCH = YES;
				"CODE_SIGN_IDENTITY[sdk=iphoneos*]" = "iPhone Developer";
				COPY_PHASE_STRIP = NO;
				GCC_C_LANGUAGE_STANDARD = gnu99;
				GCC_DYNAMIC_NO_PIC = NO;
				GCC_OPTIMIZATION_LEVEL = 0;
				GCC_PREPROCESSOR_DEFINITIONS = (
					"DEBUG=1",
					"$(inherited)",
				);
				GCC_SYMBOLS_PRIVATE_EXTERN = NO;
				GCC_WARN_ABOUT_RETURN_TYPE = YES;
				GCC_WARN_UNINITIALIZED_AUTOS = YES;
				GCC_WARN_UNUSED_VARIABLE = YES;
				IPHONEOS_DEPLOYMENT_TARGET = 6.0;
				SDKROOT = iphoneos;
			};
			name = Debug;
		};
		CBE443CC16960FBB00F993A2 /* Release */ = {
			isa = XCBuildConfiguration;
			buildSettings = {
				ALWAYS_SEARCH_USER_PATHS = NO;
				CLANG_CXX_LANGUAGE_STANDARD = "gnu++0x";
				CLANG_CXX_LIBRARY = "libc++";
				CLANG_ENABLE_OBJC_ARC = YES;
				CLANG_WARN_EMPTY_BODY = YES;
				CLANG_WARN__DUPLICATE_METHOD_MATCH = YES;
				"CODE_SIGN_IDENTITY[sdk=iphoneos*]" = "iPhone Developer";
				COPY_PHASE_STRIP = YES;
				GCC_C_LANGUAGE_STANDARD = gnu99;
				GCC_WARN_ABOUT_RETURN_TYPE = YES;
				GCC_WARN_UNINITIALIZED_AUTOS = YES;
				GCC_WARN_UNUSED_VARIABLE = YES;
				IPHONEOS_DEPLOYMENT_TARGET = 6.0;
				OTHER_CFLAGS = "-DNS_BLOCK_ASSERTIONS=1";
				SDKROOT = iphoneos;
				VALIDATE_PRODUCT = YES;
			};
			name = Release;
		};
		CBE443CE16960FBB00F993A2 /* Debug */ = {
			isa = XCBuildConfiguration;
			buildSettings = {
				GCC_PRECOMPILE_PREFIX_HEADER = YES;
				GCC_PREFIX_HEADER = "DS Luch App/Lunchadore-Prefix.pch";
				INFOPLIST_FILE = "DS Luch App/Lunchadore-Info.plist";
				PRODUCT_NAME = Lunchadore;
				WRAPPER_EXTENSION = app;
			};
			name = Debug;
		};
		CBE443CF16960FBB00F993A2 /* Release */ = {
			isa = XCBuildConfiguration;
			buildSettings = {
				GCC_PRECOMPILE_PREFIX_HEADER = YES;
				GCC_PREFIX_HEADER = "DS Luch App/Lunchadore-Prefix.pch";
				INFOPLIST_FILE = "DS Luch App/Lunchadore-Info.plist";
				PRODUCT_NAME = Lunchadore;
				WRAPPER_EXTENSION = app;
			};
			name = Release;
		};
/* End XCBuildConfiguration section */

/* Begin XCConfigurationList section */
		CBE443A316960FBB00F993A2 /* Build configuration list for PBXProject "Lunchadore" */ = {
			isa = XCConfigurationList;
			buildConfigurations = (
				CBE443CB16960FBB00F993A2 /* Debug */,
				CBE443CC16960FBB00F993A2 /* Release */,
			);
			defaultConfigurationIsVisible = 0;
			defaultConfigurationName = Release;
		};
		CBE443CD16960FBB00F993A2 /* Build configuration list for PBXNativeTarget "Lunchadore" */ = {
			isa = XCConfigurationList;
			buildConfigurations = (
				CBE443CE16960FBB00F993A2 /* Debug */,
				CBE443CF16960FBB00F993A2 /* Release */,
			);
			defaultConfigurationIsVisible = 0;
			defaultConfigurationName = Release;
		};
/* End XCConfigurationList section */
	};
	rootObject = CBE443A016960FBB00F993A2 /* Project object */;
}
